// !$*UTF8*$!
{
	archiveVersion = 1;
	classes = {
	};
	objectVersion = 56;
	objects = {

/* Begin PBXBuildFile section */
		031099F62B28B22C0034D370 /* TPStreamPlayerError.swift in Sources */ = {isa = PBXBuildFile; fileRef = 031099F52B28B22C0034D370 /* TPStreamPlayerError.swift */; };
		0321F3272A2E0D1800E08AEE /* AVPlayer.swift in Sources */ = {isa = PBXBuildFile; fileRef = 0321F3262A2E0D1800E08AEE /* AVPlayer.swift */; };
		0326BADB2A335911009ABC58 /* Sentry in Frameworks */ = {isa = PBXBuildFile; productRef = 0326BADA2A335911009ABC58 /* Sentry */; };
		0326BADE2A348690009ABC58 /* M3U8Parser in Frameworks */ = {isa = PBXBuildFile; productRef = 0326BADD2A348690009ABC58 /* M3U8Parser */; };
		035351A02A2EDAFA001E38F3 /* PlayerSettingsButton.swift in Sources */ = {isa = PBXBuildFile; fileRef = 0353519F2A2EDAFA001E38F3 /* PlayerSettingsButton.swift */; };
		035351A22A2F49E3001E38F3 /* MediaControlsView.swift in Sources */ = {isa = PBXBuildFile; fileRef = 035351A12A2F49E3001E38F3 /* MediaControlsView.swift */; };
		0377C40E2A2B1C7300F7E58F /* BaseAPI.swift in Sources */ = {isa = PBXBuildFile; fileRef = 0377C40D2A2B1C7300F7E58F /* BaseAPI.swift */; };
		0377C4112A2B1F0700F7E58F /* Asset.swift in Sources */ = {isa = PBXBuildFile; fileRef = 0377C4102A2B1F0700F7E58F /* Asset.swift */; };
		0377C4132A2B272C00F7E58F /* TestpressAPI.swift in Sources */ = {isa = PBXBuildFile; fileRef = 0377C4122A2B272C00F7E58F /* TestpressAPI.swift */; };
		037F3BBF2B05EDD900ECEF57 /* UIInterfaceOrientationMask.swift in Sources */ = {isa = PBXBuildFile; fileRef = 037F3BBE2B05EDD900ECEF57 /* UIInterfaceOrientationMask.swift */; };
		03913C482A850BF9002E7E0C /* ProgressBar.swift in Sources */ = {isa = PBXBuildFile; fileRef = 03913C472A850BF9002E7E0C /* ProgressBar.swift */; };
		0394CA312B5E5529006BED3B /* Reachability in Frameworks */ = {isa = PBXBuildFile; productRef = 0394CA302B5E5529006BED3B /* Reachability */; };
		03B8090A2A2DF8A000AB3D03 /* TPStreamPlayer.swift in Sources */ = {isa = PBXBuildFile; fileRef = 03B809092A2DF8A000AB3D03 /* TPStreamPlayer.swift */; };
		03B8090C2A2DF9A200AB3D03 /* PlayerControlsView.swift in Sources */ = {isa = PBXBuildFile; fileRef = 03B8090B2A2DF9A200AB3D03 /* PlayerControlsView.swift */; };
		03B8090E2A2DFC0F00AB3D03 /* Assets.xcassets in Resources */ = {isa = PBXBuildFile; fileRef = 03B8090D2A2DFC0F00AB3D03 /* Assets.xcassets */; };
		03B8FD902A690CAA00DAB7AE /* AppDelegate.swift in Sources */ = {isa = PBXBuildFile; fileRef = 03B8FD8F2A690CAA00DAB7AE /* AppDelegate.swift */; };
		03B8FD922A690CAA00DAB7AE /* SceneDelegate.swift in Sources */ = {isa = PBXBuildFile; fileRef = 03B8FD912A690CAA00DAB7AE /* SceneDelegate.swift */; };
		03B8FD942A690CAA00DAB7AE /* ViewController.swift in Sources */ = {isa = PBXBuildFile; fileRef = 03B8FD932A690CAA00DAB7AE /* ViewController.swift */; };
		03B8FD972A690CAA00DAB7AE /* Main.storyboard in Resources */ = {isa = PBXBuildFile; fileRef = 03B8FD952A690CAA00DAB7AE /* Main.storyboard */; };
		03B8FD992A690CAD00DAB7AE /* Assets.xcassets in Resources */ = {isa = PBXBuildFile; fileRef = 03B8FD982A690CAD00DAB7AE /* Assets.xcassets */; };
		03B8FD9C2A690CAD00DAB7AE /* LaunchScreen.storyboard in Resources */ = {isa = PBXBuildFile; fileRef = 03B8FD9A2A690CAD00DAB7AE /* LaunchScreen.storyboard */; };
		03B8FDA12A69169100DAB7AE /* TPStreamsSDK.framework in Frameworks */ = {isa = PBXBuildFile; fileRef = 8EDE99A42A2643B000E43EA9 /* TPStreamsSDK.framework */; };
		03B8FDA22A69169100DAB7AE /* TPStreamsSDK.framework in Embed Frameworks */ = {isa = PBXBuildFile; fileRef = 8EDE99A42A2643B000E43EA9 /* TPStreamsSDK.framework */; settings = {ATTRIBUTES = (CodeSignOnCopy, RemoveHeadersOnCopy, ); }; };
		03B8FDA92A695FED00DAB7AE /* TPStreamPlayerViewController.swift in Sources */ = {isa = PBXBuildFile; fileRef = 03B8FDA82A695FED00DAB7AE /* TPStreamPlayerViewController.swift */; };
		03B8FDAB2A696E6D00DAB7AE /* PlayerControls.xib in Resources */ = {isa = PBXBuildFile; fileRef = 03B8FDAA2A696E6D00DAB7AE /* PlayerControls.xib */; };
		03B8FDAE2A69752800DAB7AE /* PlayerControlsUIView.swift in Sources */ = {isa = PBXBuildFile; fileRef = 03B8FDAD2A69752800DAB7AE /* PlayerControlsUIView.swift */; };
		03BF8C522B173ED10006CBC1 /* TPStreamPlayerConfiguration.swift in Sources */ = {isa = PBXBuildFile; fileRef = 03BF8C512B173ED10006CBC1 /* TPStreamPlayerConfiguration.swift */; };
		03CA2D312A2F757D00532549 /* TimeIndicatorView.swift in Sources */ = {isa = PBXBuildFile; fileRef = 03CA2D302A2F757D00532549 /* TimeIndicatorView.swift */; };
		03CA2D372A30A8E500532549 /* PlayerProgressBar.swift in Sources */ = {isa = PBXBuildFile; fileRef = 03CA2D362A30A8E500532549 /* PlayerProgressBar.swift */; };
		03CC784D2A6BB6E5005E8F7E /* VideoPlayerView.swift in Sources */ = {isa = PBXBuildFile; fileRef = 03CC784C2A6BB6E5005E8F7E /* VideoPlayerView.swift */; };
		03CC86682AE142FF002F5D28 /* ResourceLoaderDelegate.swift in Sources */ = {isa = PBXBuildFile; fileRef = 03CC86672AE142FF002F5D28 /* ResourceLoaderDelegate.swift */; };
		03CE75002A7946A800B84304 /* Time.swift in Sources */ = {isa = PBXBuildFile; fileRef = 03CE74FF2A7946A800B84304 /* Time.swift */; };
		03CE75022A7A337B00B84304 /* UIView.swift in Sources */ = {isa = PBXBuildFile; fileRef = 03CE75012A7A337B00B84304 /* UIView.swift */; };
		8E6389BC2A2724D000306FA4 /* TPStreamPlayerView.swift in Sources */ = {isa = PBXBuildFile; fileRef = 8E6389BB2A2724D000306FA4 /* TPStreamPlayerView.swift */; };
		8E6389C42A27277D00306FA4 /* ExampleApp.swift in Sources */ = {isa = PBXBuildFile; fileRef = 8E6389C32A27277D00306FA4 /* ExampleApp.swift */; };
		8E6389C62A27277D00306FA4 /* ContentView.swift in Sources */ = {isa = PBXBuildFile; fileRef = 8E6389C52A27277D00306FA4 /* ContentView.swift */; };
		8E6389C82A27278000306FA4 /* Assets.xcassets in Resources */ = {isa = PBXBuildFile; fileRef = 8E6389C72A27278000306FA4 /* Assets.xcassets */; };
		8E6389CB2A27278000306FA4 /* Preview Assets.xcassets in Resources */ = {isa = PBXBuildFile; fileRef = 8E6389CA2A27278000306FA4 /* Preview Assets.xcassets */; };
		8E6389D72A27297500306FA4 /* TPStreamsSDK.framework in Frameworks */ = {isa = PBXBuildFile; fileRef = 8EDE99A42A2643B000E43EA9 /* TPStreamsSDK.framework */; };
		8E6389D82A27297500306FA4 /* TPStreamsSDK.framework in Embed Frameworks */ = {isa = PBXBuildFile; fileRef = 8EDE99A42A2643B000E43EA9 /* TPStreamsSDK.framework */; settings = {ATTRIBUTES = (CodeSignOnCopy, RemoveHeadersOnCopy, ); }; };
		8E6389DD2A27338F00306FA4 /* AVPlayerBridge.swift in Sources */ = {isa = PBXBuildFile; fileRef = 8E6389DC2A27338F00306FA4 /* AVPlayerBridge.swift */; };
		8E6389DF2A2751C800306FA4 /* TPAVPlayer.swift in Sources */ = {isa = PBXBuildFile; fileRef = 8E6389DE2A2751C800306FA4 /* TPAVPlayer.swift */; };
		8E6389E22A275AA800306FA4 /* StreamsAPI.swift in Sources */ = {isa = PBXBuildFile; fileRef = 8E6389E12A275AA800306FA4 /* StreamsAPI.swift */; };
		8E6389E52A275B2A00306FA4 /* Alamofire in Frameworks */ = {isa = PBXBuildFile; productRef = 8E6389E42A275B2A00306FA4 /* Alamofire */; };
		8E6389E92A278D1D00306FA4 /* ContentKeyDelegate.swift in Sources */ = {isa = PBXBuildFile; fileRef = 8E6389E82A278D1D00306FA4 /* ContentKeyDelegate.swift */; };
		8E6C5CB22A28AB94003EC948 /* ContentKeyManager.swift in Sources */ = {isa = PBXBuildFile; fileRef = 8E6C5CB12A28AB94003EC948 /* ContentKeyManager.swift */; };
		8E6C5CB52A28BD9A003EC948 /* TPStreamsSDK.swift in Sources */ = {isa = PBXBuildFile; fileRef = 8E6C5CB42A28BD9A003EC948 /* TPStreamsSDK.swift */; };
		8EDE99AF2A2643B000E43EA9 /* TPStreamsSDK.framework in Frameworks */ = {isa = PBXBuildFile; fileRef = 8EDE99A42A2643B000E43EA9 /* TPStreamsSDK.framework */; };
		8EDE99B42A2643B000E43EA9 /* iOSPlayerSDKTests.swift in Sources */ = {isa = PBXBuildFile; fileRef = 8EDE99B32A2643B000E43EA9 /* iOSPlayerSDKTests.swift */; };
		8EDE99B52A2643B000E43EA9 /* iOSPlayerSDK.h in Headers */ = {isa = PBXBuildFile; fileRef = 8EDE99A72A2643B000E43EA9 /* iOSPlayerSDK.h */; settings = {ATTRIBUTES = (Public, ); }; };
		D9C1FAA02B4E7E2600B27A3B /* Realm in Frameworks */ = {isa = PBXBuildFile; productRef = D9C1FA9F2B4E7E2600B27A3B /* Realm */; };
		D9C1FAA22B4E7E2600B27A3B /* RealmSwift in Frameworks */ = {isa = PBXBuildFile; productRef = D9C1FAA12B4E7E2600B27A3B /* RealmSwift */; };
		D9C1FAA82B4E7EE700B27A3B /* OfflineAsset.swift in Sources */ = {isa = PBXBuildFile; fileRef = D9C1FAA72B4E7EE700B27A3B /* OfflineAsset.swift */; };
		D9C1FAB22B4E915C00B27A3B /* ObjectManager.swift in Sources */ = {isa = PBXBuildFile; fileRef = D9C1FAB12B4E915C00B27A3B /* ObjectManager.swift */; };
		D9C1FAB62B4EA4CF00B27A3B /* TPStreamsDownloadManager.swift in Sources */ = {isa = PBXBuildFile; fileRef = D9C1FAB52B4EA4CF00B27A3B /* TPStreamsDownloadManager.swift */; };
		D9C1FAB82B4EA53200B27A3B /* ObjectManagerTest.swift in Sources */ = {isa = PBXBuildFile; fileRef = D9C1FAB72B4EA53200B27A3B /* ObjectManagerTest.swift */; };
		D9D6A3AF2B627144005390D7 /* DownloadListView.swift in Sources */ = {isa = PBXBuildFile; fileRef = D9D6A3AE2B627144005390D7 /* DownloadListView.swift */; };
		D9D6A3B12B62717B005390D7 /* OfflineAssetRow.swift in Sources */ = {isa = PBXBuildFile; fileRef = D9D6A3B02B62717B005390D7 /* OfflineAssetRow.swift */; };
		D9D6A3B32B6271BB005390D7 /* PlayerView.swift in Sources */ = {isa = PBXBuildFile; fileRef = D9D6A3B22B6271BB005390D7 /* PlayerView.swift */; };
		D9D6A3B82B628B0F005390D7 /* Time.swift in Sources */ = {isa = PBXBuildFile; fileRef = D9D6A3B72B628B0F005390D7 /* Time.swift */; };
/* End PBXBuildFile section */

/* Begin PBXContainerItemProxy section */
		03B8FDA32A69169100DAB7AE /* PBXContainerItemProxy */ = {
			isa = PBXContainerItemProxy;
			containerPortal = 8EDE999B2A2643B000E43EA9 /* Project object */;
			proxyType = 1;
			remoteGlobalIDString = 8EDE99A32A2643B000E43EA9;
			remoteInfo = TPStreamsSDK;
		};
		8E6389D92A27297500306FA4 /* PBXContainerItemProxy */ = {
			isa = PBXContainerItemProxy;
			containerPortal = 8EDE999B2A2643B000E43EA9 /* Project object */;
			proxyType = 1;
			remoteGlobalIDString = 8EDE99A32A2643B000E43EA9;
			remoteInfo = iOSPlayerSDK;
		};
		8EDE99B02A2643B000E43EA9 /* PBXContainerItemProxy */ = {
			isa = PBXContainerItemProxy;
			containerPortal = 8EDE999B2A2643B000E43EA9 /* Project object */;
			proxyType = 1;
			remoteGlobalIDString = 8EDE99A32A2643B000E43EA9;
			remoteInfo = iOSPlayerSDK;
		};
/* End PBXContainerItemProxy section */

/* Begin PBXCopyFilesBuildPhase section */
		0326BAD82A334EB4009ABC58 /* CopyFiles */ = {
			isa = PBXCopyFilesBuildPhase;
			buildActionMask = 2147483647;
			dstPath = "";
			dstSubfolderSpec = 7;
			files = (
			);
			runOnlyForDeploymentPostprocessing = 0;
		};
		03B8FDA52A69169100DAB7AE /* Embed Frameworks */ = {
			isa = PBXCopyFilesBuildPhase;
			buildActionMask = 2147483647;
			dstPath = "";
			dstSubfolderSpec = 10;
			files = (
				03B8FDA22A69169100DAB7AE /* TPStreamsSDK.framework in Embed Frameworks */,
			);
			name = "Embed Frameworks";
			runOnlyForDeploymentPostprocessing = 0;
		};
		8E6389DB2A27297500306FA4 /* Embed Frameworks */ = {
			isa = PBXCopyFilesBuildPhase;
			buildActionMask = 2147483647;
			dstPath = "";
			dstSubfolderSpec = 10;
			files = (
				8E6389D82A27297500306FA4 /* TPStreamsSDK.framework in Embed Frameworks */,
			);
			name = "Embed Frameworks";
			runOnlyForDeploymentPostprocessing = 0;
		};
/* End PBXCopyFilesBuildPhase section */

/* Begin PBXFileReference section */
		031099F52B28B22C0034D370 /* TPStreamPlayerError.swift */ = {isa = PBXFileReference; lastKnownFileType = sourcecode.swift; path = TPStreamPlayerError.swift; sourceTree = "<group>"; };
		0321F3262A2E0D1800E08AEE /* AVPlayer.swift */ = {isa = PBXFileReference; lastKnownFileType = sourcecode.swift; path = AVPlayer.swift; sourceTree = "<group>"; };
		0353519F2A2EDAFA001E38F3 /* PlayerSettingsButton.swift */ = {isa = PBXFileReference; lastKnownFileType = sourcecode.swift; path = PlayerSettingsButton.swift; sourceTree = "<group>"; };
		035351A12A2F49E3001E38F3 /* MediaControlsView.swift */ = {isa = PBXFileReference; lastKnownFileType = sourcecode.swift; path = MediaControlsView.swift; sourceTree = "<group>"; };
		0377C40D2A2B1C7300F7E58F /* BaseAPI.swift */ = {isa = PBXFileReference; lastKnownFileType = sourcecode.swift; path = BaseAPI.swift; sourceTree = "<group>"; };
		0377C4102A2B1F0700F7E58F /* Asset.swift */ = {isa = PBXFileReference; lastKnownFileType = sourcecode.swift; path = Asset.swift; sourceTree = "<group>"; };
		0377C4122A2B272C00F7E58F /* TestpressAPI.swift */ = {isa = PBXFileReference; lastKnownFileType = sourcecode.swift; path = TestpressAPI.swift; sourceTree = "<group>"; };
		037F3BBE2B05EDD900ECEF57 /* UIInterfaceOrientationMask.swift */ = {isa = PBXFileReference; lastKnownFileType = sourcecode.swift; path = UIInterfaceOrientationMask.swift; sourceTree = "<group>"; };
		03913C472A850BF9002E7E0C /* ProgressBar.swift */ = {isa = PBXFileReference; lastKnownFileType = sourcecode.swift; path = ProgressBar.swift; sourceTree = "<group>"; };
		03B809092A2DF8A000AB3D03 /* TPStreamPlayer.swift */ = {isa = PBXFileReference; lastKnownFileType = sourcecode.swift; path = TPStreamPlayer.swift; sourceTree = "<group>"; };
		03B8090B2A2DF9A200AB3D03 /* PlayerControlsView.swift */ = {isa = PBXFileReference; lastKnownFileType = sourcecode.swift; path = PlayerControlsView.swift; sourceTree = "<group>"; };
		03B8090D2A2DFC0F00AB3D03 /* Assets.xcassets */ = {isa = PBXFileReference; lastKnownFileType = folder.assetcatalog; path = Assets.xcassets; sourceTree = "<group>"; };
		03B8FD8D2A690CAA00DAB7AE /* StoryboardExample.app */ = {isa = PBXFileReference; explicitFileType = wrapper.application; includeInIndex = 0; path = StoryboardExample.app; sourceTree = BUILT_PRODUCTS_DIR; };
		03B8FD8F2A690CAA00DAB7AE /* AppDelegate.swift */ = {isa = PBXFileReference; lastKnownFileType = sourcecode.swift; path = AppDelegate.swift; sourceTree = "<group>"; };
		03B8FD912A690CAA00DAB7AE /* SceneDelegate.swift */ = {isa = PBXFileReference; lastKnownFileType = sourcecode.swift; path = SceneDelegate.swift; sourceTree = "<group>"; };
		03B8FD932A690CAA00DAB7AE /* ViewController.swift */ = {isa = PBXFileReference; lastKnownFileType = sourcecode.swift; path = ViewController.swift; sourceTree = "<group>"; };
		03B8FD962A690CAA00DAB7AE /* Base */ = {isa = PBXFileReference; lastKnownFileType = file.storyboard; name = Base; path = Base.lproj/Main.storyboard; sourceTree = "<group>"; };
		03B8FD982A690CAD00DAB7AE /* Assets.xcassets */ = {isa = PBXFileReference; lastKnownFileType = folder.assetcatalog; path = Assets.xcassets; sourceTree = "<group>"; };
		03B8FD9B2A690CAD00DAB7AE /* Base */ = {isa = PBXFileReference; lastKnownFileType = file.storyboard; name = Base; path = Base.lproj/LaunchScreen.storyboard; sourceTree = "<group>"; };
		03B8FD9D2A690CAD00DAB7AE /* Info.plist */ = {isa = PBXFileReference; lastKnownFileType = text.plist.xml; path = Info.plist; sourceTree = "<group>"; };
		03B8FDA82A695FED00DAB7AE /* TPStreamPlayerViewController.swift */ = {isa = PBXFileReference; lastKnownFileType = sourcecode.swift; path = TPStreamPlayerViewController.swift; sourceTree = "<group>"; };
		03B8FDAA2A696E6D00DAB7AE /* PlayerControls.xib */ = {isa = PBXFileReference; lastKnownFileType = file.xib; path = PlayerControls.xib; sourceTree = "<group>"; };
		03B8FDAD2A69752800DAB7AE /* PlayerControlsUIView.swift */ = {isa = PBXFileReference; lastKnownFileType = sourcecode.swift; path = PlayerControlsUIView.swift; sourceTree = "<group>"; };
		03BF8C512B173ED10006CBC1 /* TPStreamPlayerConfiguration.swift */ = {isa = PBXFileReference; lastKnownFileType = sourcecode.swift; path = TPStreamPlayerConfiguration.swift; sourceTree = "<group>"; };
		03CA2D302A2F757D00532549 /* TimeIndicatorView.swift */ = {isa = PBXFileReference; lastKnownFileType = sourcecode.swift; path = TimeIndicatorView.swift; sourceTree = "<group>"; };
		03CA2D362A30A8E500532549 /* PlayerProgressBar.swift */ = {isa = PBXFileReference; lastKnownFileType = sourcecode.swift; path = PlayerProgressBar.swift; sourceTree = "<group>"; };
		03CC784C2A6BB6E5005E8F7E /* VideoPlayerView.swift */ = {isa = PBXFileReference; lastKnownFileType = sourcecode.swift; path = VideoPlayerView.swift; sourceTree = "<group>"; };
		03CC86672AE142FF002F5D28 /* ResourceLoaderDelegate.swift */ = {isa = PBXFileReference; lastKnownFileType = sourcecode.swift; path = ResourceLoaderDelegate.swift; sourceTree = "<group>"; };
		03CE74FF2A7946A800B84304 /* Time.swift */ = {isa = PBXFileReference; lastKnownFileType = sourcecode.swift; path = Time.swift; sourceTree = "<group>"; };
		03CE75012A7A337B00B84304 /* UIView.swift */ = {isa = PBXFileReference; lastKnownFileType = sourcecode.swift; path = UIView.swift; sourceTree = "<group>"; };
		8E6389BB2A2724D000306FA4 /* TPStreamPlayerView.swift */ = {isa = PBXFileReference; lastKnownFileType = sourcecode.swift; path = TPStreamPlayerView.swift; sourceTree = "<group>"; };
		8E6389C12A27277D00306FA4 /* Example.app */ = {isa = PBXFileReference; explicitFileType = wrapper.application; includeInIndex = 0; path = Example.app; sourceTree = BUILT_PRODUCTS_DIR; };
		8E6389C32A27277D00306FA4 /* ExampleApp.swift */ = {isa = PBXFileReference; lastKnownFileType = sourcecode.swift; path = ExampleApp.swift; sourceTree = "<group>"; };
		8E6389C52A27277D00306FA4 /* ContentView.swift */ = {isa = PBXFileReference; lastKnownFileType = sourcecode.swift; path = ContentView.swift; sourceTree = "<group>"; };
		8E6389C72A27278000306FA4 /* Assets.xcassets */ = {isa = PBXFileReference; lastKnownFileType = folder.assetcatalog; path = Assets.xcassets; sourceTree = "<group>"; };
		8E6389CA2A27278000306FA4 /* Preview Assets.xcassets */ = {isa = PBXFileReference; lastKnownFileType = folder.assetcatalog; path = "Preview Assets.xcassets"; sourceTree = "<group>"; };
		8E6389DC2A27338F00306FA4 /* AVPlayerBridge.swift */ = {isa = PBXFileReference; lastKnownFileType = sourcecode.swift; path = AVPlayerBridge.swift; sourceTree = "<group>"; };
		8E6389DE2A2751C800306FA4 /* TPAVPlayer.swift */ = {isa = PBXFileReference; lastKnownFileType = sourcecode.swift; path = TPAVPlayer.swift; sourceTree = "<group>"; };
		8E6389E12A275AA800306FA4 /* StreamsAPI.swift */ = {isa = PBXFileReference; lastKnownFileType = sourcecode.swift; path = StreamsAPI.swift; sourceTree = "<group>"; };
		8E6389E82A278D1D00306FA4 /* ContentKeyDelegate.swift */ = {isa = PBXFileReference; lastKnownFileType = sourcecode.swift; path = ContentKeyDelegate.swift; sourceTree = "<group>"; };
		8E6C5CB12A28AB94003EC948 /* ContentKeyManager.swift */ = {isa = PBXFileReference; lastKnownFileType = sourcecode.swift; path = ContentKeyManager.swift; sourceTree = "<group>"; };
		8E6C5CB42A28BD9A003EC948 /* TPStreamsSDK.swift */ = {isa = PBXFileReference; lastKnownFileType = sourcecode.swift; path = TPStreamsSDK.swift; sourceTree = "<group>"; };
		8EDE99A42A2643B000E43EA9 /* TPStreamsSDK.framework */ = {isa = PBXFileReference; explicitFileType = wrapper.framework; includeInIndex = 0; path = TPStreamsSDK.framework; sourceTree = BUILT_PRODUCTS_DIR; };
		8EDE99A72A2643B000E43EA9 /* iOSPlayerSDK.h */ = {isa = PBXFileReference; lastKnownFileType = sourcecode.c.h; path = iOSPlayerSDK.h; sourceTree = "<group>"; };
		8EDE99AE2A2643B000E43EA9 /* iOSPlayerSDKTests.xctest */ = {isa = PBXFileReference; explicitFileType = wrapper.cfbundle; includeInIndex = 0; path = iOSPlayerSDKTests.xctest; sourceTree = BUILT_PRODUCTS_DIR; };
		8EDE99B32A2643B000E43EA9 /* iOSPlayerSDKTests.swift */ = {isa = PBXFileReference; lastKnownFileType = sourcecode.swift; path = iOSPlayerSDKTests.swift; sourceTree = "<group>"; };
		D904B1DD2B3C5BAC00A7E26C /* TPStreamsSDK.xctestplan */ = {isa = PBXFileReference; lastKnownFileType = text; path = TPStreamsSDK.xctestplan; sourceTree = "<group>"; };
		D9C1FAA72B4E7EE700B27A3B /* OfflineAsset.swift */ = {isa = PBXFileReference; lastKnownFileType = sourcecode.swift; path = OfflineAsset.swift; sourceTree = "<group>"; };
		D9C1FAB12B4E915C00B27A3B /* ObjectManager.swift */ = {isa = PBXFileReference; lastKnownFileType = sourcecode.swift; path = ObjectManager.swift; sourceTree = "<group>"; };
		D9C1FAB52B4EA4CF00B27A3B /* TPStreamsDownloadManager.swift */ = {isa = PBXFileReference; lastKnownFileType = sourcecode.swift; path = TPStreamsDownloadManager.swift; sourceTree = "<group>"; };
		D9C1FAB72B4EA53200B27A3B /* ObjectManagerTest.swift */ = {isa = PBXFileReference; lastKnownFileType = sourcecode.swift; path = ObjectManagerTest.swift; sourceTree = "<group>"; };
		D9D6A3AE2B627144005390D7 /* DownloadListView.swift */ = {isa = PBXFileReference; lastKnownFileType = sourcecode.swift; path = DownloadListView.swift; sourceTree = "<group>"; };
		D9D6A3B02B62717B005390D7 /* OfflineAssetRow.swift */ = {isa = PBXFileReference; lastKnownFileType = sourcecode.swift; path = OfflineAssetRow.swift; sourceTree = "<group>"; };
		D9D6A3B22B6271BB005390D7 /* PlayerView.swift */ = {isa = PBXFileReference; lastKnownFileType = sourcecode.swift; path = PlayerView.swift; sourceTree = "<group>"; };
		D9D6A3B72B628B0F005390D7 /* Time.swift */ = {isa = PBXFileReference; lastKnownFileType = sourcecode.swift; path = Time.swift; sourceTree = "<group>"; };
/* End PBXFileReference section */

/* Begin PBXFrameworksBuildPhase section */
		03B8FD8A2A690CAA00DAB7AE /* Frameworks */ = {
			isa = PBXFrameworksBuildPhase;
			buildActionMask = 2147483647;
			files = (
				03B8FDA12A69169100DAB7AE /* TPStreamsSDK.framework in Frameworks */,
			);
			runOnlyForDeploymentPostprocessing = 0;
		};
		8E6389BE2A27277D00306FA4 /* Frameworks */ = {
			isa = PBXFrameworksBuildPhase;
			buildActionMask = 2147483647;
			files = (
				8E6389D72A27297500306FA4 /* TPStreamsSDK.framework in Frameworks */,
			);
			runOnlyForDeploymentPostprocessing = 0;
		};
		8EDE99A12A2643B000E43EA9 /* Frameworks */ = {
			isa = PBXFrameworksBuildPhase;
			buildActionMask = 2147483647;
			files = (
				0326BADE2A348690009ABC58 /* M3U8Parser in Frameworks */,
				0394CA312B5E5529006BED3B /* Reachability in Frameworks */,
				8E6389E52A275B2A00306FA4 /* Alamofire in Frameworks */,
				D9C1FAA02B4E7E2600B27A3B /* Realm in Frameworks */,
				D9C1FAA22B4E7E2600B27A3B /* RealmSwift in Frameworks */,
				0326BADB2A335911009ABC58 /* Sentry in Frameworks */,
			);
			runOnlyForDeploymentPostprocessing = 0;
		};
		8EDE99AB2A2643B000E43EA9 /* Frameworks */ = {
			isa = PBXFrameworksBuildPhase;
			buildActionMask = 2147483647;
			files = (
				8EDE99AF2A2643B000E43EA9 /* TPStreamsSDK.framework in Frameworks */,
			);
			runOnlyForDeploymentPostprocessing = 0;
		};
/* End PBXFrameworksBuildPhase section */

/* Begin PBXGroup section */
		0321F3252A2E0D0300E08AEE /* Extensions */ = {
			isa = PBXGroup;
			children = (
				0321F3262A2E0D1800E08AEE /* AVPlayer.swift */,
				03CE75012A7A337B00B84304 /* UIView.swift */,
				037F3BBE2B05EDD900ECEF57 /* UIInterfaceOrientationMask.swift */,
			);
			path = Extensions;
			sourceTree = "<group>";
		};
		0377C40F2A2B1EEF00F7E58F /* Models */ = {
			isa = PBXGroup;
			children = (
				0377C4102A2B1F0700F7E58F /* Asset.swift */,
			);
			path = Models;
			sourceTree = "<group>";
		};
		03B8FD8E2A690CAA00DAB7AE /* StoryboardExample */ = {
			isa = PBXGroup;
			children = (
				03B8FD8F2A690CAA00DAB7AE /* AppDelegate.swift */,
				03B8FD912A690CAA00DAB7AE /* SceneDelegate.swift */,
				03B8FD932A690CAA00DAB7AE /* ViewController.swift */,
				03B8FD952A690CAA00DAB7AE /* Main.storyboard */,
				03B8FD982A690CAD00DAB7AE /* Assets.xcassets */,
				03B8FD9A2A690CAD00DAB7AE /* LaunchScreen.storyboard */,
				03B8FD9D2A690CAD00DAB7AE /* Info.plist */,
			);
			path = StoryboardExample;
			sourceTree = "<group>";
		};
		03B8FDAC2A69749500DAB7AE /* Xib */ = {
			isa = PBXGroup;
			children = (
				03B8FDAA2A696E6D00DAB7AE /* PlayerControls.xib */,
			);
			path = Xib;
			sourceTree = "<group>";
		};
		03CC784A2A6BB68C005E8F7E /* SwiftUI */ = {
			isa = PBXGroup;
			children = (
				8E6389DC2A27338F00306FA4 /* AVPlayerBridge.swift */,
				03CA2D302A2F757D00532549 /* TimeIndicatorView.swift */,
				0353519F2A2EDAFA001E38F3 /* PlayerSettingsButton.swift */,
				035351A12A2F49E3001E38F3 /* MediaControlsView.swift */,
				03CA2D362A30A8E500532549 /* PlayerProgressBar.swift */,
				03B8090B2A2DF9A200AB3D03 /* PlayerControlsView.swift */,
			);
			path = SwiftUI;
			sourceTree = "<group>";
		};
		03CC784B2A6BB6BE005E8F7E /* UIKit */ = {
			isa = PBXGroup;
			children = (
				03B8FDAC2A69749500DAB7AE /* Xib */,
				03CC784C2A6BB6E5005E8F7E /* VideoPlayerView.swift */,
				03B8FDAD2A69752800DAB7AE /* PlayerControlsUIView.swift */,
				03913C472A850BF9002E7E0C /* ProgressBar.swift */,
			);
			path = UIKit;
			sourceTree = "<group>";
		};
		03CE74FE2A79469400B84304 /* Utils */ = {
			isa = PBXGroup;
			children = (
				03CE74FF2A7946A800B84304 /* Time.swift */,
			);
			path = Utils;
			sourceTree = "<group>";
		};
		8E6389B92A2724AA00306FA4 /* Views */ = {
			isa = PBXGroup;
			children = (
				03CC784B2A6BB6BE005E8F7E /* UIKit */,
				03CC784A2A6BB68C005E8F7E /* SwiftUI */,
			);
			path = Views;
			sourceTree = "<group>";
		};
		8E6389C22A27277D00306FA4 /* Example */ = {
			isa = PBXGroup;
			children = (
				D9D6A3B62B628AE2005390D7 /* Utils */,
				D9D6A3AD2B6270DE005390D7 /* Views */,
				8E6389C32A27277D00306FA4 /* ExampleApp.swift */,
				8E6389C72A27278000306FA4 /* Assets.xcassets */,
				8E6389C92A27278000306FA4 /* Preview Content */,
			);
			path = Example;
			sourceTree = "<group>";
		};
		8E6389C92A27278000306FA4 /* Preview Content */ = {
			isa = PBXGroup;
			children = (
				8E6389CA2A27278000306FA4 /* Preview Assets.xcassets */,
			);
			path = "Preview Content";
			sourceTree = "<group>";
		};
		8E6389D12A2728CA00306FA4 /* Frameworks */ = {
			isa = PBXGroup;
			children = (
			);
			name = Frameworks;
			sourceTree = "<group>";
		};
		8E6389E02A275A2700306FA4 /* Network */ = {
			isa = PBXGroup;
			children = (
				0377C40F2A2B1EEF00F7E58F /* Models */,
				8E6389E12A275AA800306FA4 /* StreamsAPI.swift */,
				0377C40D2A2B1C7300F7E58F /* BaseAPI.swift */,
				0377C4122A2B272C00F7E58F /* TestpressAPI.swift */,
			);
			path = Network;
			sourceTree = "<group>";
		};
		8E6389E72A278D0400306FA4 /* Managers */ = {
			isa = PBXGroup;
			children = (
				03B809092A2DF8A000AB3D03 /* TPStreamPlayer.swift */,
				8E6389E82A278D1D00306FA4 /* ContentKeyDelegate.swift */,
				8E6C5CB12A28AB94003EC948 /* ContentKeyManager.swift */,
				03CC86672AE142FF002F5D28 /* ResourceLoaderDelegate.swift */,
			);
			path = Managers;
			sourceTree = "<group>";
		};
		8EDE999A2A2643B000E43EA9 = {
			isa = PBXGroup;
			children = (
				D904B1DD2B3C5BAC00A7E26C /* TPStreamsSDK.xctestplan */,
				8EDE99A62A2643B000E43EA9 /* Source */,
				8EDE99B22A2643B000E43EA9 /* Tests */,
				8E6389C22A27277D00306FA4 /* Example */,
				03B8FD8E2A690CAA00DAB7AE /* StoryboardExample */,
				8EDE99A52A2643B000E43EA9 /* Products */,
				8E6389D12A2728CA00306FA4 /* Frameworks */,
			);
			sourceTree = "<group>";
		};
		8EDE99A52A2643B000E43EA9 /* Products */ = {
			isa = PBXGroup;
			children = (
				8EDE99A42A2643B000E43EA9 /* TPStreamsSDK.framework */,
				8EDE99AE2A2643B000E43EA9 /* iOSPlayerSDKTests.xctest */,
				8E6389C12A27277D00306FA4 /* Example.app */,
				03B8FD8D2A690CAA00DAB7AE /* StoryboardExample.app */,
			);
			name = Products;
			sourceTree = "<group>";
		};
		8EDE99A62A2643B000E43EA9 /* Source */ = {
			isa = PBXGroup;
			children = (
				D9C1FAAF2B4E90FC00B27A3B /* Database */,
				03CE74FE2A79469400B84304 /* Utils */,
				0321F3252A2E0D0300E08AEE /* Extensions */,
				8E6389E72A278D0400306FA4 /* Managers */,
				8E6389E02A275A2700306FA4 /* Network */,
				8E6389B92A2724AA00306FA4 /* Views */,
				8EDE99A72A2643B000E43EA9 /* iOSPlayerSDK.h */,
				8E6C5CB42A28BD9A003EC948 /* TPStreamsSDK.swift */,
				8E6389DE2A2751C800306FA4 /* TPAVPlayer.swift */,
				8E6389BB2A2724D000306FA4 /* TPStreamPlayerView.swift */,
				03B8090D2A2DFC0F00AB3D03 /* Assets.xcassets */,
				03B8FDA82A695FED00DAB7AE /* TPStreamPlayerViewController.swift */,
				03BF8C512B173ED10006CBC1 /* TPStreamPlayerConfiguration.swift */,
				031099F52B28B22C0034D370 /* TPStreamPlayerError.swift */,
			);
			path = Source;
			sourceTree = "<group>";
		};
		8EDE99B22A2643B000E43EA9 /* Tests */ = {
			isa = PBXGroup;
			children = (
				8EDE99B32A2643B000E43EA9 /* iOSPlayerSDKTests.swift */,
				D9C1FAB72B4EA53200B27A3B /* ObjectManagerTest.swift */,
			);
			path = Tests;
			sourceTree = "<group>";
		};
		D9C1FAAF2B4E90FC00B27A3B /* Database */ = {
			isa = PBXGroup;
			children = (
				D9C1FAB02B4E910800B27A3B /* Model */,
				D9C1FAB12B4E915C00B27A3B /* ObjectManager.swift */,
				D9C1FAB52B4EA4CF00B27A3B /* TPStreamsDownloadManager.swift */,
			);
			path = Database;
			sourceTree = "<group>";
		};
		D9C1FAB02B4E910800B27A3B /* Model */ = {
			isa = PBXGroup;
			children = (
				D9C1FAA72B4E7EE700B27A3B /* OfflineAsset.swift */,
			);
			path = Model;
			sourceTree = "<group>";
		};
		D9D6A3AD2B6270DE005390D7 /* Views */ = {
			isa = PBXGroup;
			children = (
				8E6389C52A27277D00306FA4 /* ContentView.swift */,
				D9D6A3AE2B627144005390D7 /* DownloadListView.swift */,
				D9D6A3B02B62717B005390D7 /* OfflineAssetRow.swift */,
				D9D6A3B22B6271BB005390D7 /* PlayerView.swift */,
			);
			path = Views;
			sourceTree = "<group>";
		};
		D9D6A3B62B628AE2005390D7 /* Utils */ = {
			isa = PBXGroup;
			children = (
				D9D6A3B72B628B0F005390D7 /* Time.swift */,
			);
			path = Utils;
			sourceTree = "<group>";
		};
/* End PBXGroup section */

/* Begin PBXHeadersBuildPhase section */
		8EDE999F2A2643B000E43EA9 /* Headers */ = {
			isa = PBXHeadersBuildPhase;
			buildActionMask = 2147483647;
			files = (
				8EDE99B52A2643B000E43EA9 /* iOSPlayerSDK.h in Headers */,
			);
			runOnlyForDeploymentPostprocessing = 0;
		};
/* End PBXHeadersBuildPhase section */

/* Begin PBXNativeTarget section */
		03B8FD8C2A690CAA00DAB7AE /* StoryboardExample */ = {
			isa = PBXNativeTarget;
			buildConfigurationList = 03B8FD9E2A690CAD00DAB7AE /* Build configuration list for PBXNativeTarget "StoryboardExample" */;
			buildPhases = (
				03B8FD892A690CAA00DAB7AE /* Sources */,
				03B8FD8A2A690CAA00DAB7AE /* Frameworks */,
				03B8FD8B2A690CAA00DAB7AE /* Resources */,
				03B8FDA52A69169100DAB7AE /* Embed Frameworks */,
			);
			buildRules = (
			);
			dependencies = (
				03B8FDA42A69169100DAB7AE /* PBXTargetDependency */,
			);
			name = StoryboardExample;
			productName = StoryboardExample;
			productReference = 03B8FD8D2A690CAA00DAB7AE /* StoryboardExample.app */;
			productType = "com.apple.product-type.application";
		};
		8E6389C02A27277D00306FA4 /* Example */ = {
			isa = PBXNativeTarget;
			buildConfigurationList = 8E6389CC2A27278000306FA4 /* Build configuration list for PBXNativeTarget "Example" */;
			buildPhases = (
				8E6389BD2A27277D00306FA4 /* Sources */,
				8E6389BE2A27277D00306FA4 /* Frameworks */,
				8E6389BF2A27277D00306FA4 /* Resources */,
				8E6389DB2A27297500306FA4 /* Embed Frameworks */,
			);
			buildRules = (
			);
			dependencies = (
				8E6389DA2A27297500306FA4 /* PBXTargetDependency */,
			);
			name = Example;
			productName = Example;
			productReference = 8E6389C12A27277D00306FA4 /* Example.app */;
			productType = "com.apple.product-type.application";
		};
		8EDE99A32A2643B000E43EA9 /* TPStreamsSDK */ = {
			isa = PBXNativeTarget;
			buildConfigurationList = 8EDE99B82A2643B000E43EA9 /* Build configuration list for PBXNativeTarget "TPStreamsSDK" */;
			buildPhases = (
				8EDE999F2A2643B000E43EA9 /* Headers */,
				8EDE99A02A2643B000E43EA9 /* Sources */,
				8EDE99A12A2643B000E43EA9 /* Frameworks */,
				8EDE99A22A2643B000E43EA9 /* Resources */,
				0326BAD82A334EB4009ABC58 /* CopyFiles */,
			);
			buildRules = (
			);
			dependencies = (
			);
			name = TPStreamsSDK;
			packageProductDependencies = (
				8E6389E42A275B2A00306FA4 /* Alamofire */,
				0326BADA2A335911009ABC58 /* Sentry */,
				0326BADD2A348690009ABC58 /* M3U8Parser */,
				0394CA302B5E5529006BED3B /* Reachability */,
				D9C1FA9F2B4E7E2600B27A3B /* Realm */,
				D9C1FAA12B4E7E2600B27A3B /* RealmSwift */,
			);
			productName = iOSPlayerSDK;
			productReference = 8EDE99A42A2643B000E43EA9 /* TPStreamsSDK.framework */;
			productType = "com.apple.product-type.framework";
		};
		8EDE99AD2A2643B000E43EA9 /* iOSPlayerSDKTests */ = {
			isa = PBXNativeTarget;
			buildConfigurationList = 8EDE99BB2A2643B000E43EA9 /* Build configuration list for PBXNativeTarget "iOSPlayerSDKTests" */;
			buildPhases = (
				8EDE99AA2A2643B000E43EA9 /* Sources */,
				8EDE99AB2A2643B000E43EA9 /* Frameworks */,
				8EDE99AC2A2643B000E43EA9 /* Resources */,
			);
			buildRules = (
			);
			dependencies = (
				8EDE99B12A2643B000E43EA9 /* PBXTargetDependency */,
			);
			name = iOSPlayerSDKTests;
			productName = iOSPlayerSDKTests;
			productReference = 8EDE99AE2A2643B000E43EA9 /* iOSPlayerSDKTests.xctest */;
			productType = "com.apple.product-type.bundle.unit-test";
		};
/* End PBXNativeTarget section */

/* Begin PBXProject section */
		8EDE999B2A2643B000E43EA9 /* Project object */ = {
			isa = PBXProject;
			attributes = {
				BuildIndependentTargetsInParallel = 1;
				LastSwiftUpdateCheck = 1430;
				LastUpgradeCheck = 1430;
				TargetAttributes = {
					03B8FD8C2A690CAA00DAB7AE = {
						CreatedOnToolsVersion = 14.3;
					};
					8E6389C02A27277D00306FA4 = {
						CreatedOnToolsVersion = 14.2;
					};
					8EDE99A32A2643B000E43EA9 = {
						CreatedOnToolsVersion = 14.2;
						LastSwiftMigration = 1420;
					};
					8EDE99AD2A2643B000E43EA9 = {
						CreatedOnToolsVersion = 14.2;
					};
				};
			};
			buildConfigurationList = 8EDE999E2A2643B000E43EA9 /* Build configuration list for PBXProject "iOSPlayerSDK" */;
			compatibilityVersion = "Xcode 14.0";
			developmentRegion = en;
			hasScannedForEncodings = 0;
			knownRegions = (
				en,
				Base,
			);
			mainGroup = 8EDE999A2A2643B000E43EA9;
			packageReferences = (
				8E6389E32A275B2A00306FA4 /* XCRemoteSwiftPackageReference "Alamofire" */,
				0326BAD92A335911009ABC58 /* XCRemoteSwiftPackageReference "sentry-cocoa" */,
				0326BADC2A348690009ABC58 /* XCRemoteSwiftPackageReference "M3U8Parser" */,
				0394CA2F2B5E5528006BED3B /* XCRemoteSwiftPackageReference "Reachability" */,
				D9C1FA9E2B4E7E2600B27A3B /* XCRemoteSwiftPackageReference "realm-swift" */,
			);
			productRefGroup = 8EDE99A52A2643B000E43EA9 /* Products */;
			projectDirPath = "";
			projectRoot = "";
			targets = (
				8EDE99A32A2643B000E43EA9 /* TPStreamsSDK */,
				8EDE99AD2A2643B000E43EA9 /* iOSPlayerSDKTests */,
				8E6389C02A27277D00306FA4 /* Example */,
				03B8FD8C2A690CAA00DAB7AE /* StoryboardExample */,
			);
		};
/* End PBXProject section */

/* Begin PBXResourcesBuildPhase section */
		03B8FD8B2A690CAA00DAB7AE /* Resources */ = {
			isa = PBXResourcesBuildPhase;
			buildActionMask = 2147483647;
			files = (
				03B8FD9C2A690CAD00DAB7AE /* LaunchScreen.storyboard in Resources */,
				03B8FD992A690CAD00DAB7AE /* Assets.xcassets in Resources */,
				03B8FD972A690CAA00DAB7AE /* Main.storyboard in Resources */,
			);
			runOnlyForDeploymentPostprocessing = 0;
		};
		8E6389BF2A27277D00306FA4 /* Resources */ = {
			isa = PBXResourcesBuildPhase;
			buildActionMask = 2147483647;
			files = (
				8E6389CB2A27278000306FA4 /* Preview Assets.xcassets in Resources */,
				8E6389C82A27278000306FA4 /* Assets.xcassets in Resources */,
			);
			runOnlyForDeploymentPostprocessing = 0;
		};
		8EDE99A22A2643B000E43EA9 /* Resources */ = {
			isa = PBXResourcesBuildPhase;
			buildActionMask = 2147483647;
			files = (
				03B8FDAB2A696E6D00DAB7AE /* PlayerControls.xib in Resources */,
				03B8090E2A2DFC0F00AB3D03 /* Assets.xcassets in Resources */,
			);
			runOnlyForDeploymentPostprocessing = 0;
		};
		8EDE99AC2A2643B000E43EA9 /* Resources */ = {
			isa = PBXResourcesBuildPhase;
			buildActionMask = 2147483647;
			files = (
			);
			runOnlyForDeploymentPostprocessing = 0;
		};
/* End PBXResourcesBuildPhase section */

/* Begin PBXSourcesBuildPhase section */
		03B8FD892A690CAA00DAB7AE /* Sources */ = {
			isa = PBXSourcesBuildPhase;
			buildActionMask = 2147483647;
			files = (
				03B8FD942A690CAA00DAB7AE /* ViewController.swift in Sources */,
				03B8FD902A690CAA00DAB7AE /* AppDelegate.swift in Sources */,
				03B8FD922A690CAA00DAB7AE /* SceneDelegate.swift in Sources */,
			);
			runOnlyForDeploymentPostprocessing = 0;
		};
		8E6389BD2A27277D00306FA4 /* Sources */ = {
			isa = PBXSourcesBuildPhase;
			buildActionMask = 2147483647;
			files = (
				D9D6A3B82B628B0F005390D7 /* Time.swift in Sources */,
				8E6389C62A27277D00306FA4 /* ContentView.swift in Sources */,
				8E6389C42A27277D00306FA4 /* ExampleApp.swift in Sources */,
				D9D6A3AF2B627144005390D7 /* DownloadListView.swift in Sources */,
				D9D6A3B32B6271BB005390D7 /* PlayerView.swift in Sources */,
				D9D6A3B12B62717B005390D7 /* OfflineAssetRow.swift in Sources */,
			);
			runOnlyForDeploymentPostprocessing = 0;
		};
		8EDE99A02A2643B000E43EA9 /* Sources */ = {
			isa = PBXSourcesBuildPhase;
			buildActionMask = 2147483647;
			files = (
				037F3BBF2B05EDD900ECEF57 /* UIInterfaceOrientationMask.swift in Sources */,
				03B8FDAE2A69752800DAB7AE /* PlayerControlsUIView.swift in Sources */,
				8E6389E92A278D1D00306FA4 /* ContentKeyDelegate.swift in Sources */,
				8E6389DD2A27338F00306FA4 /* AVPlayerBridge.swift in Sources */,
				8E6389BC2A2724D000306FA4 /* TPStreamPlayerView.swift in Sources */,
				D9C1FAB62B4EA4CF00B27A3B /* TPStreamsDownloadManager.swift in Sources */,
				035351A02A2EDAFA001E38F3 /* PlayerSettingsButton.swift in Sources */,
				03913C482A850BF9002E7E0C /* ProgressBar.swift in Sources */,
				8E6C5CB52A28BD9A003EC948 /* TPStreamsSDK.swift in Sources */,
				0377C4132A2B272C00F7E58F /* TestpressAPI.swift in Sources */,
				D9C1FAB22B4E915C00B27A3B /* ObjectManager.swift in Sources */,
				0377C4112A2B1F0700F7E58F /* Asset.swift in Sources */,
				8E6389E22A275AA800306FA4 /* StreamsAPI.swift in Sources */,
				03BF8C522B173ED10006CBC1 /* TPStreamPlayerConfiguration.swift in Sources */,
				03CE75002A7946A800B84304 /* Time.swift in Sources */,
				03B8FDA92A695FED00DAB7AE /* TPStreamPlayerViewController.swift in Sources */,
				03CE75022A7A337B00B84304 /* UIView.swift in Sources */,
				03CA2D372A30A8E500532549 /* PlayerProgressBar.swift in Sources */,
				0377C40E2A2B1C7300F7E58F /* BaseAPI.swift in Sources */,
				D9C1FAA82B4E7EE700B27A3B /* OfflineAsset.swift in Sources */,
				03CA2D312A2F757D00532549 /* TimeIndicatorView.swift in Sources */,
				035351A22A2F49E3001E38F3 /* MediaControlsView.swift in Sources */,
				03CC86682AE142FF002F5D28 /* ResourceLoaderDelegate.swift in Sources */,
				031099F62B28B22C0034D370 /* TPStreamPlayerError.swift in Sources */,
				03B8090C2A2DF9A200AB3D03 /* PlayerControlsView.swift in Sources */,
				8E6389DF2A2751C800306FA4 /* TPAVPlayer.swift in Sources */,
				03B8090A2A2DF8A000AB3D03 /* TPStreamPlayer.swift in Sources */,
				0321F3272A2E0D1800E08AEE /* AVPlayer.swift in Sources */,
				8E6C5CB22A28AB94003EC948 /* ContentKeyManager.swift in Sources */,
				03CC784D2A6BB6E5005E8F7E /* VideoPlayerView.swift in Sources */,
			);
			runOnlyForDeploymentPostprocessing = 0;
		};
		8EDE99AA2A2643B000E43EA9 /* Sources */ = {
			isa = PBXSourcesBuildPhase;
			buildActionMask = 2147483647;
			files = (
				D9C1FAB82B4EA53200B27A3B /* ObjectManagerTest.swift in Sources */,
				8EDE99B42A2643B000E43EA9 /* iOSPlayerSDKTests.swift in Sources */,
			);
			runOnlyForDeploymentPostprocessing = 0;
		};
/* End PBXSourcesBuildPhase section */

/* Begin PBXTargetDependency section */
		03B8FDA42A69169100DAB7AE /* PBXTargetDependency */ = {
			isa = PBXTargetDependency;
			target = 8EDE99A32A2643B000E43EA9 /* TPStreamsSDK */;
			targetProxy = 03B8FDA32A69169100DAB7AE /* PBXContainerItemProxy */;
		};
		8E6389DA2A27297500306FA4 /* PBXTargetDependency */ = {
			isa = PBXTargetDependency;
			target = 8EDE99A32A2643B000E43EA9 /* TPStreamsSDK */;
			targetProxy = 8E6389D92A27297500306FA4 /* PBXContainerItemProxy */;
		};
		8EDE99B12A2643B000E43EA9 /* PBXTargetDependency */ = {
			isa = PBXTargetDependency;
			target = 8EDE99A32A2643B000E43EA9 /* TPStreamsSDK */;
			targetProxy = 8EDE99B02A2643B000E43EA9 /* PBXContainerItemProxy */;
		};
/* End PBXTargetDependency section */

/* Begin PBXVariantGroup section */
		03B8FD952A690CAA00DAB7AE /* Main.storyboard */ = {
			isa = PBXVariantGroup;
			children = (
				03B8FD962A690CAA00DAB7AE /* Base */,
			);
			name = Main.storyboard;
			sourceTree = "<group>";
		};
		03B8FD9A2A690CAD00DAB7AE /* LaunchScreen.storyboard */ = {
			isa = PBXVariantGroup;
			children = (
				03B8FD9B2A690CAD00DAB7AE /* Base */,
			);
			name = LaunchScreen.storyboard;
			sourceTree = "<group>";
		};
/* End PBXVariantGroup section */

/* Begin XCBuildConfiguration section */
		03B8FD9F2A690CAD00DAB7AE /* Debug */ = {
			isa = XCBuildConfiguration;
			buildSettings = {
				ASSETCATALOG_COMPILER_APPICON_NAME = AppIcon;
				ASSETCATALOG_COMPILER_GLOBAL_ACCENT_COLOR_NAME = AccentColor;
				CODE_SIGN_STYLE = Automatic;
				CURRENT_PROJECT_VERSION = 1;
				DEVELOPMENT_TEAM = BHAB7LC35Y;
				GENERATE_INFOPLIST_FILE = YES;
				INFOPLIST_FILE = StoryboardExample/Info.plist;
				INFOPLIST_KEY_UIApplicationSupportsIndirectInputEvents = YES;
				INFOPLIST_KEY_UILaunchStoryboardName = LaunchScreen;
				INFOPLIST_KEY_UIMainStoryboardFile = Main;
				INFOPLIST_KEY_UIRequiresFullScreen = NO;
				INFOPLIST_KEY_UISupportedInterfaceOrientations_iPad = "UIInterfaceOrientationPortrait UIInterfaceOrientationPortraitUpsideDown UIInterfaceOrientationLandscapeLeft UIInterfaceOrientationLandscapeRight";
				INFOPLIST_KEY_UISupportedInterfaceOrientations_iPhone = "UIInterfaceOrientationPortrait UIInterfaceOrientationLandscapeLeft UIInterfaceOrientationLandscapeRight";
				IPHONEOS_DEPLOYMENT_TARGET = 12.0;
				LD_RUNPATH_SEARCH_PATHS = (
					"$(inherited)",
					"@executable_path/Frameworks",
				);
				MARKETING_VERSION = 1.0;
				PRODUCT_BUNDLE_IDENTIFIER = com.tpstreams.StoryboardExample;
				PRODUCT_NAME = "$(TARGET_NAME)";
				SWIFT_EMIT_LOC_STRINGS = YES;
				SWIFT_VERSION = 5.0;
				TARGETED_DEVICE_FAMILY = "1,2";
			};
			name = Debug;
		};
		03B8FDA02A690CAD00DAB7AE /* Release */ = {
			isa = XCBuildConfiguration;
			buildSettings = {
				ASSETCATALOG_COMPILER_APPICON_NAME = AppIcon;
				ASSETCATALOG_COMPILER_GLOBAL_ACCENT_COLOR_NAME = AccentColor;
				CODE_SIGN_STYLE = Automatic;
				CURRENT_PROJECT_VERSION = 1;
				DEVELOPMENT_TEAM = BHAB7LC35Y;
				GENERATE_INFOPLIST_FILE = YES;
				INFOPLIST_FILE = StoryboardExample/Info.plist;
				INFOPLIST_KEY_UIApplicationSupportsIndirectInputEvents = YES;
				INFOPLIST_KEY_UILaunchStoryboardName = LaunchScreen;
				INFOPLIST_KEY_UIMainStoryboardFile = Main;
				INFOPLIST_KEY_UIRequiresFullScreen = NO;
				INFOPLIST_KEY_UISupportedInterfaceOrientations_iPad = "UIInterfaceOrientationPortrait UIInterfaceOrientationPortraitUpsideDown UIInterfaceOrientationLandscapeLeft UIInterfaceOrientationLandscapeRight";
				INFOPLIST_KEY_UISupportedInterfaceOrientations_iPhone = "UIInterfaceOrientationPortrait UIInterfaceOrientationLandscapeLeft UIInterfaceOrientationLandscapeRight";
				IPHONEOS_DEPLOYMENT_TARGET = 12.0;
				LD_RUNPATH_SEARCH_PATHS = (
					"$(inherited)",
					"@executable_path/Frameworks",
				);
				MARKETING_VERSION = 1.0;
				PRODUCT_BUNDLE_IDENTIFIER = com.tpstreams.StoryboardExample;
				PRODUCT_NAME = "$(TARGET_NAME)";
				SWIFT_EMIT_LOC_STRINGS = YES;
				SWIFT_VERSION = 5.0;
				TARGETED_DEVICE_FAMILY = "1,2";
			};
			name = Release;
		};
		8E6389CD2A27278000306FA4 /* Debug */ = {
			isa = XCBuildConfiguration;
			buildSettings = {
				ASSETCATALOG_COMPILER_APPICON_NAME = AppIcon;
				ASSETCATALOG_COMPILER_GLOBAL_ACCENT_COLOR_NAME = AccentColor;
				CODE_SIGN_STYLE = Automatic;
				CURRENT_PROJECT_VERSION = 1;
				DEVELOPMENT_ASSET_PATHS = "\"Example/Preview Content\"";
				DEVELOPMENT_TEAM = BHAB7LC35Y;
				ENABLE_PREVIEWS = YES;
				GENERATE_INFOPLIST_FILE = YES;
				INFOPLIST_KEY_UIApplicationSceneManifest_Generation = YES;
				INFOPLIST_KEY_UIApplicationSupportsIndirectInputEvents = YES;
				INFOPLIST_KEY_UILaunchScreen_Generation = YES;
				INFOPLIST_KEY_UIRequiresFullScreen = YES;
				INFOPLIST_KEY_UISupportedInterfaceOrientations_iPad = "UIInterfaceOrientationPortrait UIInterfaceOrientationPortraitUpsideDown UIInterfaceOrientationLandscapeLeft UIInterfaceOrientationLandscapeRight";
				INFOPLIST_KEY_UISupportedInterfaceOrientations_iPhone = "UIInterfaceOrientationPortrait UIInterfaceOrientationLandscapeLeft UIInterfaceOrientationLandscapeRight";
				IPHONEOS_DEPLOYMENT_TARGET = 14.0;
				LD_RUNPATH_SEARCH_PATHS = (
					"$(inherited)",
					"@executable_path/Frameworks",
				);
				MARKETING_VERSION = 1.0;
				PRODUCT_BUNDLE_IDENTIFIER = com.tpstreams.Example;
				PRODUCT_NAME = "$(TARGET_NAME)";
				SWIFT_EMIT_LOC_STRINGS = YES;
				SWIFT_VERSION = 5.0;
				TARGETED_DEVICE_FAMILY = "1,2";
			};
			name = Debug;
		};
		8E6389CE2A27278000306FA4 /* Release */ = {
			isa = XCBuildConfiguration;
			buildSettings = {
				ASSETCATALOG_COMPILER_APPICON_NAME = AppIcon;
				ASSETCATALOG_COMPILER_GLOBAL_ACCENT_COLOR_NAME = AccentColor;
				CODE_SIGN_STYLE = Automatic;
				CURRENT_PROJECT_VERSION = 1;
				DEVELOPMENT_ASSET_PATHS = "\"Example/Preview Content\"";
				DEVELOPMENT_TEAM = BHAB7LC35Y;
				ENABLE_PREVIEWS = YES;
				GENERATE_INFOPLIST_FILE = YES;
				INFOPLIST_KEY_UIApplicationSceneManifest_Generation = YES;
				INFOPLIST_KEY_UIApplicationSupportsIndirectInputEvents = YES;
				INFOPLIST_KEY_UILaunchScreen_Generation = YES;
				INFOPLIST_KEY_UIRequiresFullScreen = YES;
				INFOPLIST_KEY_UISupportedInterfaceOrientations_iPad = "UIInterfaceOrientationPortrait UIInterfaceOrientationPortraitUpsideDown UIInterfaceOrientationLandscapeLeft UIInterfaceOrientationLandscapeRight";
				INFOPLIST_KEY_UISupportedInterfaceOrientations_iPhone = "UIInterfaceOrientationPortrait UIInterfaceOrientationLandscapeLeft UIInterfaceOrientationLandscapeRight";
				IPHONEOS_DEPLOYMENT_TARGET = 14.0;
				LD_RUNPATH_SEARCH_PATHS = (
					"$(inherited)",
					"@executable_path/Frameworks",
				);
				MARKETING_VERSION = 1.0;
				PRODUCT_BUNDLE_IDENTIFIER = com.tpstreams.Example;
				PRODUCT_NAME = "$(TARGET_NAME)";
				SWIFT_EMIT_LOC_STRINGS = YES;
				SWIFT_VERSION = 5.0;
				TARGETED_DEVICE_FAMILY = "1,2";
			};
			name = Release;
		};
		8EDE99B62A2643B000E43EA9 /* Debug */ = {
			isa = XCBuildConfiguration;
			buildSettings = {
				ALWAYS_SEARCH_USER_PATHS = NO;
				CLANG_ANALYZER_NONNULL = YES;
				CLANG_ANALYZER_NUMBER_OBJECT_CONVERSION = YES_AGGRESSIVE;
				CLANG_CXX_LANGUAGE_STANDARD = "gnu++20";
				CLANG_ENABLE_MODULES = YES;
				CLANG_ENABLE_OBJC_ARC = YES;
				CLANG_ENABLE_OBJC_WEAK = YES;
				CLANG_WARN_BLOCK_CAPTURE_AUTORELEASING = YES;
				CLANG_WARN_BOOL_CONVERSION = YES;
				CLANG_WARN_COMMA = YES;
				CLANG_WARN_CONSTANT_CONVERSION = YES;
				CLANG_WARN_DEPRECATED_OBJC_IMPLEMENTATIONS = YES;
				CLANG_WARN_DIRECT_OBJC_ISA_USAGE = YES_ERROR;
				CLANG_WARN_DOCUMENTATION_COMMENTS = YES;
				CLANG_WARN_EMPTY_BODY = YES;
				CLANG_WARN_ENUM_CONVERSION = YES;
				CLANG_WARN_INFINITE_RECURSION = YES;
				CLANG_WARN_INT_CONVERSION = YES;
				CLANG_WARN_NON_LITERAL_NULL_CONVERSION = YES;
				CLANG_WARN_OBJC_IMPLICIT_RETAIN_SELF = YES;
				CLANG_WARN_OBJC_LITERAL_CONVERSION = YES;
				CLANG_WARN_OBJC_ROOT_CLASS = YES_ERROR;
				CLANG_WARN_QUOTED_INCLUDE_IN_FRAMEWORK_HEADER = YES;
				CLANG_WARN_RANGE_LOOP_ANALYSIS = YES;
				CLANG_WARN_STRICT_PROTOTYPES = YES;
				CLANG_WARN_SUSPICIOUS_MOVE = YES;
				CLANG_WARN_UNGUARDED_AVAILABILITY = YES_AGGRESSIVE;
				CLANG_WARN_UNREACHABLE_CODE = YES;
				CLANG_WARN__DUPLICATE_METHOD_MATCH = YES;
				COPY_PHASE_STRIP = NO;
				CURRENT_PROJECT_VERSION = 1;
				DEBUG_INFORMATION_FORMAT = dwarf;
				ENABLE_STRICT_OBJC_MSGSEND = YES;
				ENABLE_TESTABILITY = YES;
				GCC_C_LANGUAGE_STANDARD = gnu11;
				GCC_DYNAMIC_NO_PIC = NO;
				GCC_NO_COMMON_BLOCKS = YES;
				GCC_OPTIMIZATION_LEVEL = 0;
				GCC_PREPROCESSOR_DEFINITIONS = (
					"DEBUG=1",
					"$(inherited)",
				);
				GCC_WARN_64_TO_32_BIT_CONVERSION = YES;
				GCC_WARN_ABOUT_RETURN_TYPE = YES_ERROR;
				GCC_WARN_UNDECLARED_SELECTOR = YES;
				GCC_WARN_UNINITIALIZED_AUTOS = YES_AGGRESSIVE;
				GCC_WARN_UNUSED_FUNCTION = YES;
				GCC_WARN_UNUSED_VARIABLE = YES;
				IPHONEOS_DEPLOYMENT_TARGET = 16.2;
				MTL_ENABLE_DEBUG_INFO = INCLUDE_SOURCE;
				MTL_FAST_MATH = YES;
				ONLY_ACTIVE_ARCH = YES;
				SDKROOT = iphoneos;
				SWIFT_ACTIVE_COMPILATION_CONDITIONS = DEBUG;
				SWIFT_OPTIMIZATION_LEVEL = "-Onone";
				VERSIONING_SYSTEM = "apple-generic";
				VERSION_INFO_PREFIX = "";
			};
			name = Debug;
		};
		8EDE99B72A2643B000E43EA9 /* Release */ = {
			isa = XCBuildConfiguration;
			buildSettings = {
				ALWAYS_SEARCH_USER_PATHS = NO;
				CLANG_ANALYZER_NONNULL = YES;
				CLANG_ANALYZER_NUMBER_OBJECT_CONVERSION = YES_AGGRESSIVE;
				CLANG_CXX_LANGUAGE_STANDARD = "gnu++20";
				CLANG_ENABLE_MODULES = YES;
				CLANG_ENABLE_OBJC_ARC = YES;
				CLANG_ENABLE_OBJC_WEAK = YES;
				CLANG_WARN_BLOCK_CAPTURE_AUTORELEASING = YES;
				CLANG_WARN_BOOL_CONVERSION = YES;
				CLANG_WARN_COMMA = YES;
				CLANG_WARN_CONSTANT_CONVERSION = YES;
				CLANG_WARN_DEPRECATED_OBJC_IMPLEMENTATIONS = YES;
				CLANG_WARN_DIRECT_OBJC_ISA_USAGE = YES_ERROR;
				CLANG_WARN_DOCUMENTATION_COMMENTS = YES;
				CLANG_WARN_EMPTY_BODY = YES;
				CLANG_WARN_ENUM_CONVERSION = YES;
				CLANG_WARN_INFINITE_RECURSION = YES;
				CLANG_WARN_INT_CONVERSION = YES;
				CLANG_WARN_NON_LITERAL_NULL_CONVERSION = YES;
				CLANG_WARN_OBJC_IMPLICIT_RETAIN_SELF = YES;
				CLANG_WARN_OBJC_LITERAL_CONVERSION = YES;
				CLANG_WARN_OBJC_ROOT_CLASS = YES_ERROR;
				CLANG_WARN_QUOTED_INCLUDE_IN_FRAMEWORK_HEADER = YES;
				CLANG_WARN_RANGE_LOOP_ANALYSIS = YES;
				CLANG_WARN_STRICT_PROTOTYPES = YES;
				CLANG_WARN_SUSPICIOUS_MOVE = YES;
				CLANG_WARN_UNGUARDED_AVAILABILITY = YES_AGGRESSIVE;
				CLANG_WARN_UNREACHABLE_CODE = YES;
				CLANG_WARN__DUPLICATE_METHOD_MATCH = YES;
				COPY_PHASE_STRIP = NO;
				CURRENT_PROJECT_VERSION = 1;
				DEBUG_INFORMATION_FORMAT = "dwarf-with-dsym";
				ENABLE_NS_ASSERTIONS = NO;
				ENABLE_STRICT_OBJC_MSGSEND = YES;
				GCC_C_LANGUAGE_STANDARD = gnu11;
				GCC_NO_COMMON_BLOCKS = YES;
				GCC_WARN_64_TO_32_BIT_CONVERSION = YES;
				GCC_WARN_ABOUT_RETURN_TYPE = YES_ERROR;
				GCC_WARN_UNDECLARED_SELECTOR = YES;
				GCC_WARN_UNINITIALIZED_AUTOS = YES_AGGRESSIVE;
				GCC_WARN_UNUSED_FUNCTION = YES;
				GCC_WARN_UNUSED_VARIABLE = YES;
				IPHONEOS_DEPLOYMENT_TARGET = 16.2;
				MTL_ENABLE_DEBUG_INFO = NO;
				MTL_FAST_MATH = YES;
				SDKROOT = iphoneos;
				SWIFT_COMPILATION_MODE = wholemodule;
				SWIFT_OPTIMIZATION_LEVEL = "-O";
				VALIDATE_PRODUCT = YES;
				VERSIONING_SYSTEM = "apple-generic";
				VERSION_INFO_PREFIX = "";
			};
			name = Release;
		};
		8EDE99B92A2643B000E43EA9 /* Debug */ = {
			isa = XCBuildConfiguration;
			buildSettings = {
				CLANG_ENABLE_MODULES = YES;
				CODE_SIGN_IDENTITY = "";
				CODE_SIGN_STYLE = Automatic;
				CURRENT_PROJECT_VERSION = 1;
				DEFINES_MODULE = YES;
				DEVELOPMENT_TEAM = BHAB7LC35Y;
				DYLIB_COMPATIBILITY_VERSION = 1;
				DYLIB_CURRENT_VERSION = 1;
				DYLIB_INSTALL_NAME_BASE = "@rpath";
				ENABLE_MODULE_VERIFIER = NO;
				GENERATE_INFOPLIST_FILE = YES;
				INFOPLIST_KEY_NSHumanReadableCopyright = "";
				INSTALL_PATH = "$(LOCAL_LIBRARY_DIR)/Frameworks";
				IPHONEOS_DEPLOYMENT_TARGET = 12.0;
				LD_RUNPATH_SEARCH_PATHS = (
					"$(inherited)",
					"@executable_path/Frameworks",
					"@loader_path/Frameworks",
				);
				MARKETING_VERSION = 1.0;
				MODULE_VERIFIER_SUPPORTED_LANGUAGES = "objective-c objective-c++";
				MODULE_VERIFIER_SUPPORTED_LANGUAGE_STANDARDS = "gnu11 gnu++20";
				PRODUCT_BUNDLE_IDENTIFIER = com.tpstreams.iOSPlayerSDK;
				PRODUCT_NAME = "$(TARGET_NAME:c99extidentifier)";
				SKIP_INSTALL = YES;
				SWIFT_EMIT_LOC_STRINGS = YES;
				SWIFT_OPTIMIZATION_LEVEL = "-Onone";
				SWIFT_VERSION = 5.0;
				TARGETED_DEVICE_FAMILY = "1,2";
			};
			name = Debug;
		};
		8EDE99BA2A2643B000E43EA9 /* Release */ = {
			isa = XCBuildConfiguration;
			buildSettings = {
				CLANG_ENABLE_MODULES = YES;
				CODE_SIGN_IDENTITY = "";
				CODE_SIGN_STYLE = Automatic;
				CURRENT_PROJECT_VERSION = 1;
				DEFINES_MODULE = YES;
				DEVELOPMENT_TEAM = BHAB7LC35Y;
				DYLIB_COMPATIBILITY_VERSION = 1;
				DYLIB_CURRENT_VERSION = 1;
				DYLIB_INSTALL_NAME_BASE = "@rpath";
				ENABLE_MODULE_VERIFIER = NO;
				GENERATE_INFOPLIST_FILE = YES;
				INFOPLIST_KEY_NSHumanReadableCopyright = "";
				INSTALL_PATH = "$(LOCAL_LIBRARY_DIR)/Frameworks";
				IPHONEOS_DEPLOYMENT_TARGET = 12.0;
				LD_RUNPATH_SEARCH_PATHS = (
					"$(inherited)",
					"@executable_path/Frameworks",
					"@loader_path/Frameworks",
				);
				MARKETING_VERSION = 1.0;
				MODULE_VERIFIER_SUPPORTED_LANGUAGES = "objective-c objective-c++";
				MODULE_VERIFIER_SUPPORTED_LANGUAGE_STANDARDS = "gnu11 gnu++20";
				PRODUCT_BUNDLE_IDENTIFIER = com.tpstreams.iOSPlayerSDK;
				PRODUCT_NAME = "$(TARGET_NAME:c99extidentifier)";
				SKIP_INSTALL = YES;
				SWIFT_EMIT_LOC_STRINGS = YES;
				SWIFT_VERSION = 5.0;
				TARGETED_DEVICE_FAMILY = "1,2";
			};
			name = Release;
		};
		8EDE99BC2A2643B000E43EA9 /* Debug */ = {
			isa = XCBuildConfiguration;
			buildSettings = {
				ALWAYS_EMBED_SWIFT_STANDARD_LIBRARIES = YES;
				CODE_SIGN_STYLE = Automatic;
				CURRENT_PROJECT_VERSION = 1;
				DEVELOPMENT_TEAM = BHAB7LC35Y;
				GENERATE_INFOPLIST_FILE = YES;
				MARKETING_VERSION = 1.0;
				PRODUCT_BUNDLE_IDENTIFIER = com.tpstreams.iOSPlayerSDKTests;
				PRODUCT_NAME = "$(TARGET_NAME)";
				SWIFT_EMIT_LOC_STRINGS = NO;
				SWIFT_VERSION = 5.0;
				TARGETED_DEVICE_FAMILY = "1,2";
			};
			name = Debug;
		};
		8EDE99BD2A2643B000E43EA9 /* Release */ = {
			isa = XCBuildConfiguration;
			buildSettings = {
				ALWAYS_EMBED_SWIFT_STANDARD_LIBRARIES = YES;
				CODE_SIGN_STYLE = Automatic;
				CURRENT_PROJECT_VERSION = 1;
				DEVELOPMENT_TEAM = BHAB7LC35Y;
				GENERATE_INFOPLIST_FILE = YES;
				MARKETING_VERSION = 1.0;
				PRODUCT_BUNDLE_IDENTIFIER = com.tpstreams.iOSPlayerSDKTests;
				PRODUCT_NAME = "$(TARGET_NAME)";
				SWIFT_EMIT_LOC_STRINGS = NO;
				SWIFT_VERSION = 5.0;
				TARGETED_DEVICE_FAMILY = "1,2";
			};
			name = Release;
		};
/* End XCBuildConfiguration section */

/* Begin XCConfigurationList section */
		03B8FD9E2A690CAD00DAB7AE /* Build configuration list for PBXNativeTarget "StoryboardExample" */ = {
			isa = XCConfigurationList;
			buildConfigurations = (
				03B8FD9F2A690CAD00DAB7AE /* Debug */,
				03B8FDA02A690CAD00DAB7AE /* Release */,
			);
			defaultConfigurationIsVisible = 0;
			defaultConfigurationName = Release;
		};
		8E6389CC2A27278000306FA4 /* Build configuration list for PBXNativeTarget "Example" */ = {
			isa = XCConfigurationList;
			buildConfigurations = (
				8E6389CD2A27278000306FA4 /* Debug */,
				8E6389CE2A27278000306FA4 /* Release */,
			);
			defaultConfigurationIsVisible = 0;
			defaultConfigurationName = Release;
		};
		8EDE999E2A2643B000E43EA9 /* Build configuration list for PBXProject "iOSPlayerSDK" */ = {
			isa = XCConfigurationList;
			buildConfigurations = (
				8EDE99B62A2643B000E43EA9 /* Debug */,
				8EDE99B72A2643B000E43EA9 /* Release */,
			);
			defaultConfigurationIsVisible = 0;
			defaultConfigurationName = Release;
		};
		8EDE99B82A2643B000E43EA9 /* Build configuration list for PBXNativeTarget "TPStreamsSDK" */ = {
			isa = XCConfigurationList;
			buildConfigurations = (
				8EDE99B92A2643B000E43EA9 /* Debug */,
				8EDE99BA2A2643B000E43EA9 /* Release */,
			);
			defaultConfigurationIsVisible = 0;
			defaultConfigurationName = Release;
		};
		8EDE99BB2A2643B000E43EA9 /* Build configuration list for PBXNativeTarget "iOSPlayerSDKTests" */ = {
			isa = XCConfigurationList;
			buildConfigurations = (
				8EDE99BC2A2643B000E43EA9 /* Debug */,
				8EDE99BD2A2643B000E43EA9 /* Release */,
			);
			defaultConfigurationIsVisible = 0;
			defaultConfigurationName = Release;
		};
/* End XCConfigurationList section */

/* Begin XCRemoteSwiftPackageReference section */
		0326BAD92A335911009ABC58 /* XCRemoteSwiftPackageReference "sentry-cocoa" */ = {
			isa = XCRemoteSwiftPackageReference;
			repositoryURL = "https://github.com/getsentry/sentry-cocoa.git";
			requirement = {
				kind = upToNextMajorVersion;
				minimumVersion = 8.0.0;
			};
		};
		0326BADC2A348690009ABC58 /* XCRemoteSwiftPackageReference "M3U8Parser" */ = {
			isa = XCRemoteSwiftPackageReference;
			repositoryURL = "https://github.com/M3U8Kit/M3U8Parser";
			requirement = {
				kind = upToNextMajorVersion;
				minimumVersion = 1.0.0;
			};
		};
		0394CA2F2B5E5528006BED3B /* XCRemoteSwiftPackageReference "Reachability" */ = {
			isa = XCRemoteSwiftPackageReference;
			repositoryURL = "https://github.com/ashleymills/Reachability.swift";
			requirement = {
				kind = upToNextMajorVersion;
				minimumVersion = 5.0.0;
			};
		};
		8E6389E32A275B2A00306FA4 /* XCRemoteSwiftPackageReference "Alamofire" */ = {
			isa = XCRemoteSwiftPackageReference;
			repositoryURL = "https://github.com/Alamofire/Alamofire";
			requirement = {
				kind = upToNextMajorVersion;
				minimumVersion = 5.0.0;
			};
		};
		D9C1FA9E2B4E7E2600B27A3B /* XCRemoteSwiftPackageReference "realm-swift" */ = {
			isa = XCRemoteSwiftPackageReference;
			repositoryURL = "https://github.com/realm/realm-swift";
			requirement = {
				kind = upToNextMajorVersion;
				minimumVersion = 10.45.0;
			};
		};
/* End XCRemoteSwiftPackageReference section */

/* Begin XCSwiftPackageProductDependency section */
		0326BADA2A335911009ABC58 /* Sentry */ = {
			isa = XCSwiftPackageProductDependency;
			package = 0326BAD92A335911009ABC58 /* XCRemoteSwiftPackageReference "sentry-cocoa" */;
			productName = Sentry;
		};
		0326BADD2A348690009ABC58 /* M3U8Parser */ = {
			isa = XCSwiftPackageProductDependency;
			package = 0326BADC2A348690009ABC58 /* XCRemoteSwiftPackageReference "M3U8Parser" */;
			productName = M3U8Parser;
		};
		0394CA302B5E5529006BED3B /* Reachability */ = {
			isa = XCSwiftPackageProductDependency;
			package = 0394CA2F2B5E5528006BED3B /* XCRemoteSwiftPackageReference "Reachability" */;
			productName = Reachability;
		};
		8E6389E42A275B2A00306FA4 /* Alamofire */ = {
			isa = XCSwiftPackageProductDependency;
			package = 8E6389E32A275B2A00306FA4 /* XCRemoteSwiftPackageReference "Alamofire" */;
			productName = Alamofire;
		};
		D9C1FA9F2B4E7E2600B27A3B /* Realm */ = {
			isa = XCSwiftPackageProductDependency;
			package = D9C1FA9E2B4E7E2600B27A3B /* XCRemoteSwiftPackageReference "realm-swift" */;
			productName = Realm;
		};
		D9C1FAA12B4E7E2600B27A3B /* RealmSwift */ = {
			isa = XCSwiftPackageProductDependency;
			package = D9C1FA9E2B4E7E2600B27A3B /* XCRemoteSwiftPackageReference "realm-swift" */;
			productName = RealmSwift;
		};
/* End XCSwiftPackageProductDependency section */
	};
	rootObject = 8EDE999B2A2643B000E43EA9 /* Project object */;
}
