// !$*UTF8*$!
{
	archiveVersion = 1;
	classes = {
	};
	objectVersion = 56;
	objects = {

/* Begin PBXBuildFile section */
		8E6389BC2A2724D000306FA4 /* TPStreamPlayer.swift in Sources */ = {isa = PBXBuildFile; fileRef = 8E6389BB2A2724D000306FA4 /* TPStreamPlayer.swift */; };
		8E6389C42A27277D00306FA4 /* ExampleApp.swift in Sources */ = {isa = PBXBuildFile; fileRef = 8E6389C32A27277D00306FA4 /* ExampleApp.swift */; };
		8E6389C62A27277D00306FA4 /* ContentView.swift in Sources */ = {isa = PBXBuildFile; fileRef = 8E6389C52A27277D00306FA4 /* ContentView.swift */; };
		8E6389C82A27278000306FA4 /* Assets.xcassets in Resources */ = {isa = PBXBuildFile; fileRef = 8E6389C72A27278000306FA4 /* Assets.xcassets */; };
		8E6389CB2A27278000306FA4 /* Preview Assets.xcassets in Resources */ = {isa = PBXBuildFile; fileRef = 8E6389CA2A27278000306FA4 /* Preview Assets.xcassets */; };
		8E6389D72A27297500306FA4 /* iOSPlayerSDK.framework in Frameworks */ = {isa = PBXBuildFile; fileRef = 8EDE99A42A2643B000E43EA9 /* iOSPlayerSDK.framework */; };
		8E6389D82A27297500306FA4 /* iOSPlayerSDK.framework in Embed Frameworks */ = {isa = PBXBuildFile; fileRef = 8EDE99A42A2643B000E43EA9 /* iOSPlayerSDK.framework */; settings = {ATTRIBUTES = (CodeSignOnCopy, RemoveHeadersOnCopy, ); }; };
		8E6389DD2A27338F00306FA4 /* TPVideoPlayer.swift in Sources */ = {isa = PBXBuildFile; fileRef = 8E6389DC2A27338F00306FA4 /* TPVideoPlayer.swift */; };
		8E6389DF2A2751C800306FA4 /* TPAVPlayer.swift in Sources */ = {isa = PBXBuildFile; fileRef = 8E6389DE2A2751C800306FA4 /* TPAVPlayer.swift */; };
		8E6389E22A275AA800306FA4 /* API.swift in Sources */ = {isa = PBXBuildFile; fileRef = 8E6389E12A275AA800306FA4 /* API.swift */; };
		8E6389E52A275B2A00306FA4 /* Alamofire in Frameworks */ = {isa = PBXBuildFile; productRef = 8E6389E42A275B2A00306FA4 /* Alamofire */; };
		8E6389E92A278D1D00306FA4 /* ContentKeyDelegate.swift in Sources */ = {isa = PBXBuildFile; fileRef = 8E6389E82A278D1D00306FA4 /* ContentKeyDelegate.swift */; };
		8E6C5CB22A28AB94003EC948 /* ContentKeyManager.swift in Sources */ = {isa = PBXBuildFile; fileRef = 8E6C5CB12A28AB94003EC948 /* ContentKeyManager.swift */; };
		8EDE99AF2A2643B000E43EA9 /* iOSPlayerSDK.framework in Frameworks */ = {isa = PBXBuildFile; fileRef = 8EDE99A42A2643B000E43EA9 /* iOSPlayerSDK.framework */; };
		8EDE99B42A2643B000E43EA9 /* iOSPlayerSDKTests.swift in Sources */ = {isa = PBXBuildFile; fileRef = 8EDE99B32A2643B000E43EA9 /* iOSPlayerSDKTests.swift */; };
		8EDE99B52A2643B000E43EA9 /* iOSPlayerSDK.h in Headers */ = {isa = PBXBuildFile; fileRef = 8EDE99A72A2643B000E43EA9 /* iOSPlayerSDK.h */; settings = {ATTRIBUTES = (Public, ); }; };
/* End PBXBuildFile section */

/* Begin PBXContainerItemProxy section */
		8E6389D92A27297500306FA4 /* PBXContainerItemProxy */ = {
			isa = PBXContainerItemProxy;
			containerPortal = 8EDE999B2A2643B000E43EA9 /* Project object */;
			proxyType = 1;
			remoteGlobalIDString = 8EDE99A32A2643B000E43EA9;
			remoteInfo = iOSPlayerSDK;
		};
		8EDE99B02A2643B000E43EA9 /* PBXContainerItemProxy */ = {
			isa = PBXContainerItemProxy;
			containerPortal = 8EDE999B2A2643B000E43EA9 /* Project object */;
			proxyType = 1;
			remoteGlobalIDString = 8EDE99A32A2643B000E43EA9;
			remoteInfo = iOSPlayerSDK;
		};
/* End PBXContainerItemProxy section */

/* Begin PBXCopyFilesBuildPhase section */
		8E6389DB2A27297500306FA4 /* Embed Frameworks */ = {
			isa = PBXCopyFilesBuildPhase;
			buildActionMask = 2147483647;
			dstPath = "";
			dstSubfolderSpec = 10;
			files = (
				8E6389D82A27297500306FA4 /* iOSPlayerSDK.framework in Embed Frameworks */,
			);
			name = "Embed Frameworks";
			runOnlyForDeploymentPostprocessing = 0;
		};
/* End PBXCopyFilesBuildPhase section */

/* Begin PBXFileReference section */
		8E6389BB2A2724D000306FA4 /* TPStreamPlayer.swift */ = {isa = PBXFileReference; lastKnownFileType = sourcecode.swift; path = TPStreamPlayer.swift; sourceTree = "<group>"; };
		8E6389C12A27277D00306FA4 /* Example.app */ = {isa = PBXFileReference; explicitFileType = wrapper.application; includeInIndex = 0; path = Example.app; sourceTree = BUILT_PRODUCTS_DIR; };
		8E6389C32A27277D00306FA4 /* ExampleApp.swift */ = {isa = PBXFileReference; lastKnownFileType = sourcecode.swift; path = ExampleApp.swift; sourceTree = "<group>"; };
		8E6389C52A27277D00306FA4 /* ContentView.swift */ = {isa = PBXFileReference; lastKnownFileType = sourcecode.swift; path = ContentView.swift; sourceTree = "<group>"; };
		8E6389C72A27278000306FA4 /* Assets.xcassets */ = {isa = PBXFileReference; lastKnownFileType = folder.assetcatalog; path = Assets.xcassets; sourceTree = "<group>"; };
		8E6389CA2A27278000306FA4 /* Preview Assets.xcassets */ = {isa = PBXFileReference; lastKnownFileType = folder.assetcatalog; path = "Preview Assets.xcassets"; sourceTree = "<group>"; };
		8E6389DC2A27338F00306FA4 /* TPVideoPlayer.swift */ = {isa = PBXFileReference; lastKnownFileType = sourcecode.swift; path = TPVideoPlayer.swift; sourceTree = "<group>"; };
		8E6389DE2A2751C800306FA4 /* TPAVPlayer.swift */ = {isa = PBXFileReference; lastKnownFileType = sourcecode.swift; path = TPAVPlayer.swift; sourceTree = "<group>"; };
		8E6389E12A275AA800306FA4 /* API.swift */ = {isa = PBXFileReference; lastKnownFileType = sourcecode.swift; path = API.swift; sourceTree = "<group>"; };
		8E6389E82A278D1D00306FA4 /* ContentKeyDelegate.swift */ = {isa = PBXFileReference; lastKnownFileType = sourcecode.swift; path = ContentKeyDelegate.swift; sourceTree = "<group>"; };
		8E6C5CB12A28AB94003EC948 /* ContentKeyManager.swift */ = {isa = PBXFileReference; lastKnownFileType = sourcecode.swift; path = ContentKeyManager.swift; sourceTree = "<group>"; };
		8EDE99A42A2643B000E43EA9 /* iOSPlayerSDK.framework */ = {isa = PBXFileReference; explicitFileType = wrapper.framework; includeInIndex = 0; path = iOSPlayerSDK.framework; sourceTree = BUILT_PRODUCTS_DIR; };
		8EDE99A72A2643B000E43EA9 /* iOSPlayerSDK.h */ = {isa = PBXFileReference; lastKnownFileType = sourcecode.c.h; path = iOSPlayerSDK.h; sourceTree = "<group>"; };
		8EDE99AE2A2643B000E43EA9 /* iOSPlayerSDKTests.xctest */ = {isa = PBXFileReference; explicitFileType = wrapper.cfbundle; includeInIndex = 0; path = iOSPlayerSDKTests.xctest; sourceTree = BUILT_PRODUCTS_DIR; };
		8EDE99B32A2643B000E43EA9 /* iOSPlayerSDKTests.swift */ = {isa = PBXFileReference; lastKnownFileType = sourcecode.swift; path = iOSPlayerSDKTests.swift; sourceTree = "<group>"; };
/* End PBXFileReference section */

/* Begin PBXFrameworksBuildPhase section */
		8E6389BE2A27277D00306FA4 /* Frameworks */ = {
			isa = PBXFrameworksBuildPhase;
			buildActionMask = 2147483647;
			files = (
				8E6389D72A27297500306FA4 /* iOSPlayerSDK.framework in Frameworks */,
			);
			runOnlyForDeploymentPostprocessing = 0;
		};
		8EDE99A12A2643B000E43EA9 /* Frameworks */ = {
			isa = PBXFrameworksBuildPhase;
			buildActionMask = 2147483647;
			files = (
				8E6389E52A275B2A00306FA4 /* Alamofire in Frameworks */,
			);
			runOnlyForDeploymentPostprocessing = 0;
		};
		8EDE99AB2A2643B000E43EA9 /* Frameworks */ = {
			isa = PBXFrameworksBuildPhase;
			buildActionMask = 2147483647;
			files = (
				8EDE99AF2A2643B000E43EA9 /* iOSPlayerSDK.framework in Frameworks */,
			);
			runOnlyForDeploymentPostprocessing = 0;
		};
/* End PBXFrameworksBuildPhase section */

/* Begin PBXGroup section */
		8E6389B92A2724AA00306FA4 /* Views */ = {
			isa = PBXGroup;
			children = (
				8E6389BB2A2724D000306FA4 /* TPStreamPlayer.swift */,
				8E6389DC2A27338F00306FA4 /* TPVideoPlayer.swift */,
			);
			path = Views;
			sourceTree = "<group>";
		};
		8E6389BA2A2724BB00306FA4 /* Models */ = {
			isa = PBXGroup;
			children = (
				8E6389DE2A2751C800306FA4 /* TPAVPlayer.swift */,
			);
			path = Models;
			sourceTree = "<group>";
		};
		8E6389C22A27277D00306FA4 /* Example */ = {
			isa = PBXGroup;
			children = (
				8E6389C32A27277D00306FA4 /* ExampleApp.swift */,
				8E6389C52A27277D00306FA4 /* ContentView.swift */,
				8E6389C72A27278000306FA4 /* Assets.xcassets */,
				8E6389C92A27278000306FA4 /* Preview Content */,
			);
			path = Example;
			sourceTree = "<group>";
		};
		8E6389C92A27278000306FA4 /* Preview Content */ = {
			isa = PBXGroup;
			children = (
				8E6389CA2A27278000306FA4 /* Preview Assets.xcassets */,
			);
			path = "Preview Content";
			sourceTree = "<group>";
		};
		8E6389D12A2728CA00306FA4 /* Frameworks */ = {
			isa = PBXGroup;
			children = (
			);
			name = Frameworks;
			sourceTree = "<group>";
		};
		8E6389E02A275A2700306FA4 /* Network */ = {
			isa = PBXGroup;
			children = (
				8E6389E12A275AA800306FA4 /* API.swift */,
			);
			path = Network;
			sourceTree = "<group>";
		};
		8E6389E72A278D0400306FA4 /* Managers */ = {
			isa = PBXGroup;
			children = (
				8E6389E82A278D1D00306FA4 /* ContentKeyDelegate.swift */,
				8E6C5CB12A28AB94003EC948 /* ContentKeyManager.swift */,
			);
			path = Managers;
			sourceTree = "<group>";
		};
		8EDE999A2A2643B000E43EA9 = {
			isa = PBXGroup;
			children = (
				8EDE99A62A2643B000E43EA9 /* Source */,
				8EDE99B22A2643B000E43EA9 /* Tests */,
				8E6389C22A27277D00306FA4 /* Example */,
				8EDE99A52A2643B000E43EA9 /* Products */,
				8E6389D12A2728CA00306FA4 /* Frameworks */,
			);
			sourceTree = "<group>";
		};
		8EDE99A52A2643B000E43EA9 /* Products */ = {
			isa = PBXGroup;
			children = (
				8EDE99A42A2643B000E43EA9 /* iOSPlayerSDK.framework */,
				8EDE99AE2A2643B000E43EA9 /* iOSPlayerSDKTests.xctest */,
				8E6389C12A27277D00306FA4 /* Example.app */,
			);
			name = Products;
			sourceTree = "<group>";
		};
		8EDE99A62A2643B000E43EA9 /* Source */ = {
			isa = PBXGroup;
			children = (
				8E6389E72A278D0400306FA4 /* Managers */,
				8E6389E02A275A2700306FA4 /* Network */,
				8E6389BA2A2724BB00306FA4 /* Models */,
				8E6389B92A2724AA00306FA4 /* Views */,
				8EDE99A72A2643B000E43EA9 /* iOSPlayerSDK.h */,
			);
			path = Source;
			sourceTree = "<group>";
		};
		8EDE99B22A2643B000E43EA9 /* Tests */ = {
			isa = PBXGroup;
			children = (
				8EDE99B32A2643B000E43EA9 /* iOSPlayerSDKTests.swift */,
			);
			path = Tests;
			sourceTree = "<group>";
		};
/* End PBXGroup section */

/* Begin PBXHeadersBuildPhase section */
		8EDE999F2A2643B000E43EA9 /* Headers */ = {
			isa = PBXHeadersBuildPhase;
			buildActionMask = 2147483647;
			files = (
				8EDE99B52A2643B000E43EA9 /* iOSPlayerSDK.h in Headers */,
			);
			runOnlyForDeploymentPostprocessing = 0;
		};
/* End PBXHeadersBuildPhase section */

/* Begin PBXNativeTarget section */
		8E6389C02A27277D00306FA4 /* Example */ = {
			isa = PBXNativeTarget;
			buildConfigurationList = 8E6389CC2A27278000306FA4 /* Build configuration list for PBXNativeTarget "Example" */;
			buildPhases = (
				8E6389BD2A27277D00306FA4 /* Sources */,
				8E6389BE2A27277D00306FA4 /* Frameworks */,
				8E6389BF2A27277D00306FA4 /* Resources */,
				8E6389DB2A27297500306FA4 /* Embed Frameworks */,
			);
			buildRules = (
			);
			dependencies = (
				8E6389DA2A27297500306FA4 /* PBXTargetDependency */,
			);
			name = Example;
			productName = Example;
			productReference = 8E6389C12A27277D00306FA4 /* Example.app */;
			productType = "com.apple.product-type.application";
		};
		8EDE99A32A2643B000E43EA9 /* iOSPlayerSDK */ = {
			isa = PBXNativeTarget;
			buildConfigurationList = 8EDE99B82A2643B000E43EA9 /* Build configuration list for PBXNativeTarget "iOSPlayerSDK" */;
			buildPhases = (
				8EDE999F2A2643B000E43EA9 /* Headers */,
				8EDE99A02A2643B000E43EA9 /* Sources */,
				8EDE99A12A2643B000E43EA9 /* Frameworks */,
				8EDE99A22A2643B000E43EA9 /* Resources */,
			);
			buildRules = (
			);
			dependencies = (
			);
			name = iOSPlayerSDK;
			packageProductDependencies = (
				8E6389E42A275B2A00306FA4 /* Alamofire */,
			);
			productName = iOSPlayerSDK;
			productReference = 8EDE99A42A2643B000E43EA9 /* iOSPlayerSDK.framework */;
			productType = "com.apple.product-type.framework";
		};
		8EDE99AD2A2643B000E43EA9 /* iOSPlayerSDKTests */ = {
			isa = PBXNativeTarget;
			buildConfigurationList = 8EDE99BB2A2643B000E43EA9 /* Build configuration list for PBXNativeTarget "iOSPlayerSDKTests" */;
			buildPhases = (
				8EDE99AA2A2643B000E43EA9 /* Sources */,
				8EDE99AB2A2643B000E43EA9 /* Frameworks */,
				8EDE99AC2A2643B000E43EA9 /* Resources */,
			);
			buildRules = (
			);
			dependencies = (
				8EDE99B12A2643B000E43EA9 /* PBXTargetDependency */,
			);
			name = iOSPlayerSDKTests;
			productName = iOSPlayerSDKTests;
			productReference = 8EDE99AE2A2643B000E43EA9 /* iOSPlayerSDKTests.xctest */;
			productType = "com.apple.product-type.bundle.unit-test";
		};
/* End PBXNativeTarget section */

/* Begin PBXProject section */
		8EDE999B2A2643B000E43EA9 /* Project object */ = {
			isa = PBXProject;
			attributes = {
				BuildIndependentTargetsInParallel = 1;
				LastSwiftUpdateCheck = 1420;
				LastUpgradeCheck = 1420;
				TargetAttributes = {
					8E6389C02A27277D00306FA4 = {
						CreatedOnToolsVersion = 14.2;
					};
					8EDE99A32A2643B000E43EA9 = {
						CreatedOnToolsVersion = 14.2;
						LastSwiftMigration = 1420;
					};
					8EDE99AD2A2643B000E43EA9 = {
						CreatedOnToolsVersion = 14.2;
					};
				};
			};
			buildConfigurationList = 8EDE999E2A2643B000E43EA9 /* Build configuration list for PBXProject "iOSPlayerSDK" */;
			compatibilityVersion = "Xcode 14.0";
			developmentRegion = en;
			hasScannedForEncodings = 0;
			knownRegions = (
				en,
				Base,
			);
			mainGroup = 8EDE999A2A2643B000E43EA9;
			packageReferences = (
				8E6389E32A275B2A00306FA4 /* XCRemoteSwiftPackageReference "Alamofire" */,
			);
			productRefGroup = 8EDE99A52A2643B000E43EA9 /* Products */;
			projectDirPath = "";
			projectRoot = "";
			targets = (
				8EDE99A32A2643B000E43EA9 /* iOSPlayerSDK */,
				8EDE99AD2A2643B000E43EA9 /* iOSPlayerSDKTests */,
				8E6389C02A27277D00306FA4 /* Example */,
			);
		};
/* End PBXProject section */

/* Begin PBXResourcesBuildPhase section */
		8E6389BF2A27277D00306FA4 /* Resources */ = {
			isa = PBXResourcesBuildPhase;
			buildActionMask = 2147483647;
			files = (
				8E6389CB2A27278000306FA4 /* Preview Assets.xcassets in Resources */,
				8E6389C82A27278000306FA4 /* Assets.xcassets in Resources */,
			);
			runOnlyForDeploymentPostprocessing = 0;
		};
		8EDE99A22A2643B000E43EA9 /* Resources */ = {
			isa = PBXResourcesBuildPhase;
			buildActionMask = 2147483647;
			files = (
			);
			runOnlyForDeploymentPostprocessing = 0;
		};
		8EDE99AC2A2643B000E43EA9 /* Resources */ = {
			isa = PBXResourcesBuildPhase;
			buildActionMask = 2147483647;
			files = (
			);
			runOnlyForDeploymentPostprocessing = 0;
		};
/* End PBXResourcesBuildPhase section */

/* Begin PBXSourcesBuildPhase section */
		8E6389BD2A27277D00306FA4 /* Sources */ = {
			isa = PBXSourcesBuildPhase;
			buildActionMask = 2147483647;
			files = (
				8E6389C62A27277D00306FA4 /* ContentView.swift in Sources */,
				8E6389C42A27277D00306FA4 /* ExampleApp.swift in Sources */,
			);
			runOnlyForDeploymentPostprocessing = 0;
		};
		8EDE99A02A2643B000E43EA9 /* Sources */ = {
			isa = PBXSourcesBuildPhase;
			buildActionMask = 2147483647;
			files = (
				8E6389E92A278D1D00306FA4 /* ContentKeyDelegate.swift in Sources */,
				8E6389DD2A27338F00306FA4 /* TPVideoPlayer.swift in Sources */,
				8E6389BC2A2724D000306FA4 /* TPStreamPlayer.swift in Sources */,
				8E6389E22A275AA800306FA4 /* API.swift in Sources */,
				8E6389DF2A2751C800306FA4 /* TPAVPlayer.swift in Sources */,
				8E6C5CB22A28AB94003EC948 /* ContentKeyManager.swift in Sources */,
			);
			runOnlyForDeploymentPostprocessing = 0;
		};
		8EDE99AA2A2643B000E43EA9 /* Sources */ = {
			isa = PBXSourcesBuildPhase;
			buildActionMask = 2147483647;
			files = (
				8EDE99B42A2643B000E43EA9 /* iOSPlayerSDKTests.swift in Sources */,
			);
			runOnlyForDeploymentPostprocessing = 0;
		};
/* End PBXSourcesBuildPhase section */

/* Begin PBXTargetDependency section */
		8E6389DA2A27297500306FA4 /* PBXTargetDependency */ = {
			isa = PBXTargetDependency;
			target = 8EDE99A32A2643B000E43EA9 /* iOSPlayerSDK */;
			targetProxy = 8E6389D92A27297500306FA4 /* PBXContainerItemProxy */;
		};
		8EDE99B12A2643B000E43EA9 /* PBXTargetDependency */ = {
			isa = PBXTargetDependency;
			target = 8EDE99A32A2643B000E43EA9 /* iOSPlayerSDK */;
			targetProxy = 8EDE99B02A2643B000E43EA9 /* PBXContainerItemProxy */;
		};
/* End PBXTargetDependency section */

/* Begin XCBuildConfiguration section */
		8E6389CD2A27278000306FA4 /* Debug */ = {
			isa = XCBuildConfiguration;
			buildSettings = {
				ASSETCATALOG_COMPILER_APPICON_NAME = AppIcon;
				ASSETCATALOG_COMPILER_GLOBAL_ACCENT_COLOR_NAME = AccentColor;
				CODE_SIGN_STYLE = Automatic;
				CURRENT_PROJECT_VERSION = 1;
				DEVELOPMENT_ASSET_PATHS = "\"Example/Preview Content\"";
				DEVELOPMENT_TEAM = BHAB7LC35Y;
				ENABLE_PREVIEWS = YES;
				GENERATE_INFOPLIST_FILE = YES;
				INFOPLIST_KEY_UIApplicationSceneManifest_Generation = YES;
				INFOPLIST_KEY_UIApplicationSupportsIndirectInputEvents = YES;
				INFOPLIST_KEY_UILaunchScreen_Generation = YES;
				INFOPLIST_KEY_UISupportedInterfaceOrientations_iPad = "UIInterfaceOrientationPortrait UIInterfaceOrientationPortraitUpsideDown UIInterfaceOrientationLandscapeLeft UIInterfaceOrientationLandscapeRight";
				INFOPLIST_KEY_UISupportedInterfaceOrientations_iPhone = "UIInterfaceOrientationPortrait UIInterfaceOrientationLandscapeLeft UIInterfaceOrientationLandscapeRight";
				IPHONEOS_DEPLOYMENT_TARGET = 14.0;
				LD_RUNPATH_SEARCH_PATHS = (
					"$(inherited)",
					"@executable_path/Frameworks",
				);
				MARKETING_VERSION = 1.0;
				PRODUCT_BUNDLE_IDENTIFIER = com.tpstreams.Example;
				PRODUCT_NAME = "$(TARGET_NAME)";
				SWIFT_EMIT_LOC_STRINGS = YES;
				SWIFT_VERSION = 5.0;
				TARGETED_DEVICE_FAMILY = "1,2";
			};
			name = Debug;
		};
		8E6389CE2A27278000306FA4 /* Release */ = {
			isa = XCBuildConfiguration;
			buildSettings = {
				ASSETCATALOG_COMPILER_APPICON_NAME = AppIcon;
				ASSETCATALOG_COMPILER_GLOBAL_ACCENT_COLOR_NAME = AccentColor;
				CODE_SIGN_STYLE = Automatic;
				CURRENT_PROJECT_VERSION = 1;
				DEVELOPMENT_ASSET_PATHS = "\"Example/Preview Content\"";
				DEVELOPMENT_TEAM = BHAB7LC35Y;
				ENABLE_PREVIEWS = YES;
				GENERATE_INFOPLIST_FILE = YES;
				INFOPLIST_KEY_UIApplicationSceneManifest_Generation = YES;
				INFOPLIST_KEY_UIApplicationSupportsIndirectInputEvents = YES;
				INFOPLIST_KEY_UILaunchScreen_Generation = YES;
				INFOPLIST_KEY_UISupportedInterfaceOrientations_iPad = "UIInterfaceOrientationPortrait UIInterfaceOrientationPortraitUpsideDown UIInterfaceOrientationLandscapeLeft UIInterfaceOrientationLandscapeRight";
				INFOPLIST_KEY_UISupportedInterfaceOrientations_iPhone = "UIInterfaceOrientationPortrait UIInterfaceOrientationLandscapeLeft UIInterfaceOrientationLandscapeRight";
				IPHONEOS_DEPLOYMENT_TARGET = 14.0;
				LD_RUNPATH_SEARCH_PATHS = (
					"$(inherited)",
					"@executable_path/Frameworks",
				);
				MARKETING_VERSION = 1.0;
				PRODUCT_BUNDLE_IDENTIFIER = com.tpstreams.Example;
				PRODUCT_NAME = "$(TARGET_NAME)";
				SWIFT_EMIT_LOC_STRINGS = YES;
				SWIFT_VERSION = 5.0;
				TARGETED_DEVICE_FAMILY = "1,2";
			};
			name = Release;
		};
		8EDE99B62A2643B000E43EA9 /* Debug */ = {
			isa = XCBuildConfiguration;
			buildSettings = {
				ALWAYS_SEARCH_USER_PATHS = NO;
				CLANG_ANALYZER_NONNULL = YES;
				CLANG_ANALYZER_NUMBER_OBJECT_CONVERSION = YES_AGGRESSIVE;
				CLANG_CXX_LANGUAGE_STANDARD = "gnu++20";
				CLANG_ENABLE_MODULES = YES;
				CLANG_ENABLE_OBJC_ARC = YES;
				CLANG_ENABLE_OBJC_WEAK = YES;
				CLANG_WARN_BLOCK_CAPTURE_AUTORELEASING = YES;
				CLANG_WARN_BOOL_CONVERSION = YES;
				CLANG_WARN_COMMA = YES;
				CLANG_WARN_CONSTANT_CONVERSION = YES;
				CLANG_WARN_DEPRECATED_OBJC_IMPLEMENTATIONS = YES;
				CLANG_WARN_DIRECT_OBJC_ISA_USAGE = YES_ERROR;
				CLANG_WARN_DOCUMENTATION_COMMENTS = YES;
				CLANG_WARN_EMPTY_BODY = YES;
				CLANG_WARN_ENUM_CONVERSION = YES;
				CLANG_WARN_INFINITE_RECURSION = YES;
				CLANG_WARN_INT_CONVERSION = YES;
				CLANG_WARN_NON_LITERAL_NULL_CONVERSION = YES;
				CLANG_WARN_OBJC_IMPLICIT_RETAIN_SELF = YES;
				CLANG_WARN_OBJC_LITERAL_CONVERSION = YES;
				CLANG_WARN_OBJC_ROOT_CLASS = YES_ERROR;
				CLANG_WARN_QUOTED_INCLUDE_IN_FRAMEWORK_HEADER = YES;
				CLANG_WARN_RANGE_LOOP_ANALYSIS = YES;
				CLANG_WARN_STRICT_PROTOTYPES = YES;
				CLANG_WARN_SUSPICIOUS_MOVE = YES;
				CLANG_WARN_UNGUARDED_AVAILABILITY = YES_AGGRESSIVE;
				CLANG_WARN_UNREACHABLE_CODE = YES;
				CLANG_WARN__DUPLICATE_METHOD_MATCH = YES;
				COPY_PHASE_STRIP = NO;
				CURRENT_PROJECT_VERSION = 1;
				DEBUG_INFORMATION_FORMAT = dwarf;
				ENABLE_STRICT_OBJC_MSGSEND = YES;
				ENABLE_TESTABILITY = YES;
				GCC_C_LANGUAGE_STANDARD = gnu11;
				GCC_DYNAMIC_NO_PIC = NO;
				GCC_NO_COMMON_BLOCKS = YES;
				GCC_OPTIMIZATION_LEVEL = 0;
				GCC_PREPROCESSOR_DEFINITIONS = (
					"DEBUG=1",
					"$(inherited)",
				);
				GCC_WARN_64_TO_32_BIT_CONVERSION = YES;
				GCC_WARN_ABOUT_RETURN_TYPE = YES_ERROR;
				GCC_WARN_UNDECLARED_SELECTOR = YES;
				GCC_WARN_UNINITIALIZED_AUTOS = YES_AGGRESSIVE;
				GCC_WARN_UNUSED_FUNCTION = YES;
				GCC_WARN_UNUSED_VARIABLE = YES;
				IPHONEOS_DEPLOYMENT_TARGET = 16.2;
				MTL_ENABLE_DEBUG_INFO = INCLUDE_SOURCE;
				MTL_FAST_MATH = YES;
				ONLY_ACTIVE_ARCH = YES;
				SDKROOT = iphoneos;
				SWIFT_ACTIVE_COMPILATION_CONDITIONS = DEBUG;
				SWIFT_OPTIMIZATION_LEVEL = "-Onone";
				VERSIONING_SYSTEM = "apple-generic";
				VERSION_INFO_PREFIX = "";
			};
			name = Debug;
		};
		8EDE99B72A2643B000E43EA9 /* Release */ = {
			isa = XCBuildConfiguration;
			buildSettings = {
				ALWAYS_SEARCH_USER_PATHS = NO;
				CLANG_ANALYZER_NONNULL = YES;
				CLANG_ANALYZER_NUMBER_OBJECT_CONVERSION = YES_AGGRESSIVE;
				CLANG_CXX_LANGUAGE_STANDARD = "gnu++20";
				CLANG_ENABLE_MODULES = YES;
				CLANG_ENABLE_OBJC_ARC = YES;
				CLANG_ENABLE_OBJC_WEAK = YES;
				CLANG_WARN_BLOCK_CAPTURE_AUTORELEASING = YES;
				CLANG_WARN_BOOL_CONVERSION = YES;
				CLANG_WARN_COMMA = YES;
				CLANG_WARN_CONSTANT_CONVERSION = YES;
				CLANG_WARN_DEPRECATED_OBJC_IMPLEMENTATIONS = YES;
				CLANG_WARN_DIRECT_OBJC_ISA_USAGE = YES_ERROR;
				CLANG_WARN_DOCUMENTATION_COMMENTS = YES;
				CLANG_WARN_EMPTY_BODY = YES;
				CLANG_WARN_ENUM_CONVERSION = YES;
				CLANG_WARN_INFINITE_RECURSION = YES;
				CLANG_WARN_INT_CONVERSION = YES;
				CLANG_WARN_NON_LITERAL_NULL_CONVERSION = YES;
				CLANG_WARN_OBJC_IMPLICIT_RETAIN_SELF = YES;
				CLANG_WARN_OBJC_LITERAL_CONVERSION = YES;
				CLANG_WARN_OBJC_ROOT_CLASS = YES_ERROR;
				CLANG_WARN_QUOTED_INCLUDE_IN_FRAMEWORK_HEADER = YES;
				CLANG_WARN_RANGE_LOOP_ANALYSIS = YES;
				CLANG_WARN_STRICT_PROTOTYPES = YES;
				CLANG_WARN_SUSPICIOUS_MOVE = YES;
				CLANG_WARN_UNGUARDED_AVAILABILITY = YES_AGGRESSIVE;
				CLANG_WARN_UNREACHABLE_CODE = YES;
				CLANG_WARN__DUPLICATE_METHOD_MATCH = YES;
				COPY_PHASE_STRIP = NO;
				CURRENT_PROJECT_VERSION = 1;
				DEBUG_INFORMATION_FORMAT = "dwarf-with-dsym";
				ENABLE_NS_ASSERTIONS = NO;
				ENABLE_STRICT_OBJC_MSGSEND = YES;
				GCC_C_LANGUAGE_STANDARD = gnu11;
				GCC_NO_COMMON_BLOCKS = YES;
				GCC_WARN_64_TO_32_BIT_CONVERSION = YES;
				GCC_WARN_ABOUT_RETURN_TYPE = YES_ERROR;
				GCC_WARN_UNDECLARED_SELECTOR = YES;
				GCC_WARN_UNINITIALIZED_AUTOS = YES_AGGRESSIVE;
				GCC_WARN_UNUSED_FUNCTION = YES;
				GCC_WARN_UNUSED_VARIABLE = YES;
				IPHONEOS_DEPLOYMENT_TARGET = 16.2;
				MTL_ENABLE_DEBUG_INFO = NO;
				MTL_FAST_MATH = YES;
				SDKROOT = iphoneos;
				SWIFT_COMPILATION_MODE = wholemodule;
				SWIFT_OPTIMIZATION_LEVEL = "-O";
				VALIDATE_PRODUCT = YES;
				VERSIONING_SYSTEM = "apple-generic";
				VERSION_INFO_PREFIX = "";
			};
			name = Release;
		};
		8EDE99B92A2643B000E43EA9 /* Debug */ = {
			isa = XCBuildConfiguration;
			buildSettings = {
				CLANG_ENABLE_MODULES = YES;
				CODE_SIGN_STYLE = Automatic;
				CURRENT_PROJECT_VERSION = 1;
				DEFINES_MODULE = YES;
				DEVELOPMENT_TEAM = BHAB7LC35Y;
				DYLIB_COMPATIBILITY_VERSION = 1;
				DYLIB_CURRENT_VERSION = 1;
				DYLIB_INSTALL_NAME_BASE = "@rpath";
				GENERATE_INFOPLIST_FILE = YES;
				INFOPLIST_KEY_NSHumanReadableCopyright = "";
				INSTALL_PATH = "$(LOCAL_LIBRARY_DIR)/Frameworks";
				IPHONEOS_DEPLOYMENT_TARGET = 14.0;
				LD_RUNPATH_SEARCH_PATHS = (
					"$(inherited)",
					"@executable_path/Frameworks",
					"@loader_path/Frameworks",
				);
				MARKETING_VERSION = 1.0;
				PRODUCT_BUNDLE_IDENTIFIER = com.tpstreams.iOSPlayerSDK;
				PRODUCT_NAME = "$(TARGET_NAME:c99extidentifier)";
				SKIP_INSTALL = YES;
				SWIFT_EMIT_LOC_STRINGS = YES;
				SWIFT_OPTIMIZATION_LEVEL = "-Onone";
				SWIFT_VERSION = 5.0;
				TARGETED_DEVICE_FAMILY = "1,2";
			};
			name = Debug;
		};
		8EDE99BA2A2643B000E43EA9 /* Release */ = {
			isa = XCBuildConfiguration;
			buildSettings = {
				CLANG_ENABLE_MODULES = YES;
				CODE_SIGN_STYLE = Automatic;
				CURRENT_PROJECT_VERSION = 1;
				DEFINES_MODULE = YES;
				DEVELOPMENT_TEAM = BHAB7LC35Y;
				DYLIB_COMPATIBILITY_VERSION = 1;
				DYLIB_CURRENT_VERSION = 1;
				DYLIB_INSTALL_NAME_BASE = "@rpath";
				GENERATE_INFOPLIST_FILE = YES;
				INFOPLIST_KEY_NSHumanReadableCopyright = "";
				INSTALL_PATH = "$(LOCAL_LIBRARY_DIR)/Frameworks";
				IPHONEOS_DEPLOYMENT_TARGET = 14.0;
				LD_RUNPATH_SEARCH_PATHS = (
					"$(inherited)",
					"@executable_path/Frameworks",
					"@loader_path/Frameworks",
				);
				MARKETING_VERSION = 1.0;
				PRODUCT_BUNDLE_IDENTIFIER = com.tpstreams.iOSPlayerSDK;
				PRODUCT_NAME = "$(TARGET_NAME:c99extidentifier)";
				SKIP_INSTALL = YES;
				SWIFT_EMIT_LOC_STRINGS = YES;
				SWIFT_VERSION = 5.0;
				TARGETED_DEVICE_FAMILY = "1,2";
			};
			name = Release;
		};
		8EDE99BC2A2643B000E43EA9 /* Debug */ = {
			isa = XCBuildConfiguration;
			buildSettings = {
				ALWAYS_EMBED_SWIFT_STANDARD_LIBRARIES = YES;
				CODE_SIGN_STYLE = Automatic;
				CURRENT_PROJECT_VERSION = 1;
				DEVELOPMENT_TEAM = BHAB7LC35Y;
				GENERATE_INFOPLIST_FILE = YES;
				MARKETING_VERSION = 1.0;
				PRODUCT_BUNDLE_IDENTIFIER = com.tpstreams.iOSPlayerSDKTests;
				PRODUCT_NAME = "$(TARGET_NAME)";
				SWIFT_EMIT_LOC_STRINGS = NO;
				SWIFT_VERSION = 5.0;
				TARGETED_DEVICE_FAMILY = "1,2";
			};
			name = Debug;
		};
		8EDE99BD2A2643B000E43EA9 /* Release */ = {
			isa = XCBuildConfiguration;
			buildSettings = {
				ALWAYS_EMBED_SWIFT_STANDARD_LIBRARIES = YES;
				CODE_SIGN_STYLE = Automatic;
				CURRENT_PROJECT_VERSION = 1;
				DEVELOPMENT_TEAM = BHAB7LC35Y;
				GENERATE_INFOPLIST_FILE = YES;
				MARKETING_VERSION = 1.0;
				PRODUCT_BUNDLE_IDENTIFIER = com.tpstreams.iOSPlayerSDKTests;
				PRODUCT_NAME = "$(TARGET_NAME)";
				SWIFT_EMIT_LOC_STRINGS = NO;
				SWIFT_VERSION = 5.0;
				TARGETED_DEVICE_FAMILY = "1,2";
			};
			name = Release;
		};
/* End XCBuildConfiguration section */

/* Begin XCConfigurationList section */
		8E6389CC2A27278000306FA4 /* Build configuration list for PBXNativeTarget "Example" */ = {
			isa = XCConfigurationList;
			buildConfigurations = (
				8E6389CD2A27278000306FA4 /* Debug */,
				8E6389CE2A27278000306FA4 /* Release */,
			);
			defaultConfigurationIsVisible = 0;
			defaultConfigurationName = Release;
		};
		8EDE999E2A2643B000E43EA9 /* Build configuration list for PBXProject "iOSPlayerSDK" */ = {
			isa = XCConfigurationList;
			buildConfigurations = (
				8EDE99B62A2643B000E43EA9 /* Debug */,
				8EDE99B72A2643B000E43EA9 /* Release */,
			);
			defaultConfigurationIsVisible = 0;
			defaultConfigurationName = Release;
		};
		8EDE99B82A2643B000E43EA9 /* Build configuration list for PBXNativeTarget "iOSPlayerSDK" */ = {
			isa = XCConfigurationList;
			buildConfigurations = (
				8EDE99B92A2643B000E43EA9 /* Debug */,
				8EDE99BA2A2643B000E43EA9 /* Release */,
			);
			defaultConfigurationIsVisible = 0;
			defaultConfigurationName = Release;
		};
		8EDE99BB2A2643B000E43EA9 /* Build configuration list for PBXNativeTarget "iOSPlayerSDKTests" */ = {
			isa = XCConfigurationList;
			buildConfigurations = (
				8EDE99BC2A2643B000E43EA9 /* Debug */,
				8EDE99BD2A2643B000E43EA9 /* Release */,
			);
			defaultConfigurationIsVisible = 0;
			defaultConfigurationName = Release;
		};
/* End XCConfigurationList section */

/* Begin XCRemoteSwiftPackageReference section */
		8E6389E32A275B2A00306FA4 /* XCRemoteSwiftPackageReference "Alamofire" */ = {
			isa = XCRemoteSwiftPackageReference;
			repositoryURL = "https://github.com/Alamofire/Alamofire";
			requirement = {
				kind = upToNextMajorVersion;
				minimumVersion = 5.0.0;
			};
		};
/* End XCRemoteSwiftPackageReference section */

/* Begin XCSwiftPackageProductDependency section */
		8E6389E42A275B2A00306FA4 /* Alamofire */ = {
			isa = XCSwiftPackageProductDependency;
			package = 8E6389E32A275B2A00306FA4 /* XCRemoteSwiftPackageReference "Alamofire" */;
			productName = Alamofire;
		};
/* End XCSwiftPackageProductDependency section */
	};
	rootObject = 8EDE999B2A2643B000E43EA9 /* Project object */;
}
